// !$*UTF8*$!
{
	archiveVersion = 1;
	classes = {
	};
	objectVersion = 46;
	objects = {

/* Begin PBXBuildFile section */
		0300ECDA1E238A14005936CE /* SWWebCache.m in Sources */ = {isa = PBXBuildFile; fileRef = 0300ECD91E238A14005936CE /* SWWebCache.m */; };
		0300ECDD1E238BEB005936CE /* SWWebCacheModel.m in Sources */ = {isa = PBXBuildFile; fileRef = 0300ECDC1E238BEB005936CE /* SWWebCacheModel.m */; };
		032146D31E08F8F0008FDBAE /* WKViewController.m in Sources */ = {isa = PBXBuildFile; fileRef = 032146D21E08F8F0008FDBAE /* WKViewController.m */; };
		032146D61E08FC2D008FDBAE /* TabBarViewController.m in Sources */ = {isa = PBXBuildFile; fileRef = 032146D51E08FC2D008FDBAE /* TabBarViewController.m */; };
		033CE7BD1DDE97C800744A39 /* main.m in Sources */ = {isa = PBXBuildFile; fileRef = 033CE7BC1DDE97C800744A39 /* main.m */; };
		033CE7C01DDE97C900744A39 /* AppDelegate.m in Sources */ = {isa = PBXBuildFile; fileRef = 033CE7BF1DDE97C900744A39 /* AppDelegate.m */; };
		033CE7C31DDE97C900744A39 /* ViewController.m in Sources */ = {isa = PBXBuildFile; fileRef = 033CE7C21DDE97C900744A39 /* ViewController.m */; };
		033CE7C61DDE97C900744A39 /* Main.storyboard in Resources */ = {isa = PBXBuildFile; fileRef = 033CE7C41DDE97C900744A39 /* Main.storyboard */; };
		033CE7C81DDE97C900744A39 /* Assets.xcassets in Resources */ = {isa = PBXBuildFile; fileRef = 033CE7C71DDE97C900744A39 /* Assets.xcassets */; };
		033CE7CB1DDE97C900744A39 /* LaunchScreen.storyboard in Resources */ = {isa = PBXBuildFile; fileRef = 033CE7C91DDE97C900744A39 /* LaunchScreen.storyboard */; };
		3BCA318D1DF5A26F00385988 /* imageClick.js in Resources */ = {isa = PBXBuildFile; fileRef = 3BCA31871DF5A26F00385988 /* imageClick.js */; };
		3BCA318E1DF5A26F00385988 /* lazyLoad.js in Resources */ = {isa = PBXBuildFile; fileRef = 3BCA31881DF5A26F00385988 /* lazyLoad.js */; };
		3BCA31901DF5A26F00385988 /* WebViewDemo.html in Resources */ = {isa = PBXBuildFile; fileRef = 3BCA318A1DF5A26F00385988 /* WebViewDemo.html */; };
		3BCA31911DF5A26F00385988 /* WebViewDemo.js in Resources */ = {isa = PBXBuildFile; fileRef = 3BCA318B1DF5A26F00385988 /* WebViewDemo.js */; };
		3BCA31A41DF8556500385988 /* debuggap.js in Resources */ = {isa = PBXBuildFile; fileRef = 3BCA31A31DF8556500385988 /* debuggap.js */; };
		DE1B40F0E8C942DB58E2CB4A /* libPods-WebViewDemo.a in Frameworks */ = {isa = PBXBuildFile; fileRef = 363F8433ABCA4906FABCE9BF /* libPods-WebViewDemo.a */; };
/* End PBXBuildFile section */

/* Begin PBXFileReference section */
		0300ECD81E238A14005936CE /* SWWebCache.h */ = {isa = PBXFileReference; fileEncoding = 4; lastKnownFileType = sourcecode.c.h; path = SWWebCache.h; sourceTree = "<group>"; };
		0300ECD91E238A14005936CE /* SWWebCache.m */ = {isa = PBXFileReference; fileEncoding = 4; lastKnownFileType = sourcecode.c.objc; path = SWWebCache.m; sourceTree = "<group>"; };
		0300ECDB1E238BEB005936CE /* SWWebCacheModel.h */ = {isa = PBXFileReference; fileEncoding = 4; lastKnownFileType = sourcecode.c.h; path = SWWebCacheModel.h; sourceTree = "<group>"; };
		0300ECDC1E238BEB005936CE /* SWWebCacheModel.m */ = {isa = PBXFileReference; fileEncoding = 4; lastKnownFileType = sourcecode.c.objc; path = SWWebCacheModel.m; sourceTree = "<group>"; };
		032146D11E08F8F0008FDBAE /* WKViewController.h */ = {isa = PBXFileReference; fileEncoding = 4; lastKnownFileType = sourcecode.c.h; path = WKViewController.h; sourceTree = "<group>"; };
		032146D21E08F8F0008FDBAE /* WKViewController.m */ = {isa = PBXFileReference; fileEncoding = 4; lastKnownFileType = sourcecode.c.objc; path = WKViewController.m; sourceTree = "<group>"; };
		032146D41E08FC2D008FDBAE /* TabBarViewController.h */ = {isa = PBXFileReference; fileEncoding = 4; lastKnownFileType = sourcecode.c.h; path = TabBarViewController.h; sourceTree = "<group>"; };
		032146D51E08FC2D008FDBAE /* TabBarViewController.m */ = {isa = PBXFileReference; fileEncoding = 4; lastKnownFileType = sourcecode.c.objc; path = TabBarViewController.m; sourceTree = "<group>"; };
		033CE7B81DDE97C800744A39 /* WebViewDemo.app */ = {isa = PBXFileReference; explicitFileType = wrapper.application; includeInIndex = 0; path = WebViewDemo.app; sourceTree = BUILT_PRODUCTS_DIR; };
		033CE7BC1DDE97C800744A39 /* main.m */ = {isa = PBXFileReference; lastKnownFileType = sourcecode.c.objc; path = main.m; sourceTree = "<group>"; };
		033CE7BE1DDE97C800744A39 /* AppDelegate.h */ = {isa = PBXFileReference; lastKnownFileType = sourcecode.c.h; path = AppDelegate.h; sourceTree = "<group>"; };
		033CE7BF1DDE97C900744A39 /* AppDelegate.m */ = {isa = PBXFileReference; lastKnownFileType = sourcecode.c.objc; path = AppDelegate.m; sourceTree = "<group>"; };
		033CE7C11DDE97C900744A39 /* ViewController.h */ = {isa = PBXFileReference; lastKnownFileType = sourcecode.c.h; path = ViewController.h; sourceTree = "<group>"; };
		033CE7C21DDE97C900744A39 /* ViewController.m */ = {isa = PBXFileReference; lastKnownFileType = sourcecode.c.objc; path = ViewController.m; sourceTree = "<group>"; };
		033CE7C51DDE97C900744A39 /* Base */ = {isa = PBXFileReference; lastKnownFileType = file.storyboard; name = Base; path = Base.lproj/Main.storyboard; sourceTree = "<group>"; };
		033CE7C71DDE97C900744A39 /* Assets.xcassets */ = {isa = PBXFileReference; lastKnownFileType = folder.assetcatalog; path = Assets.xcassets; sourceTree = "<group>"; };
		033CE7CA1DDE97C900744A39 /* Base */ = {isa = PBXFileReference; lastKnownFileType = file.storyboard; name = Base; path = Base.lproj/LaunchScreen.storyboard; sourceTree = "<group>"; };
		033CE7CC1DDE97C900744A39 /* Info.plist */ = {isa = PBXFileReference; lastKnownFileType = text.plist.xml; path = Info.plist; sourceTree = "<group>"; };
		363F8433ABCA4906FABCE9BF /* libPods-WebViewDemo.a */ = {isa = PBXFileReference; explicitFileType = archive.ar; includeInIndex = 0; path = "libPods-WebViewDemo.a"; sourceTree = BUILT_PRODUCTS_DIR; };
		3BCA31871DF5A26F00385988 /* imageClick.js */ = {isa = PBXFileReference; fileEncoding = 4; lastKnownFileType = sourcecode.javascript; path = imageClick.js; sourceTree = "<group>"; };
		3BCA31881DF5A26F00385988 /* lazyLoad.js */ = {isa = PBXFileReference; fileEncoding = 4; lastKnownFileType = sourcecode.javascript; path = lazyLoad.js; sourceTree = "<group>"; };
		3BCA318A1DF5A26F00385988 /* WebViewDemo.html */ = {isa = PBXFileReference; fileEncoding = 4; lastKnownFileType = text.html; path = WebViewDemo.html; sourceTree = "<group>"; };
		3BCA318B1DF5A26F00385988 /* WebViewDemo.js */ = {isa = PBXFileReference; fileEncoding = 4; lastKnownFileType = sourcecode.javascript; path = WebViewDemo.js; sourceTree = "<group>"; };
		3BCA31A31DF8556500385988 /* debuggap.js */ = {isa = PBXFileReference; fileEncoding = 4; lastKnownFileType = sourcecode.javascript; path = debuggap.js; sourceTree = "<group>"; };
		54982983F80E44C46CD87805 /* Pods-WebViewDemo.release.xcconfig */ = {isa = PBXFileReference; includeInIndex = 1; lastKnownFileType = text.xcconfig; name = "Pods-WebViewDemo.release.xcconfig"; path = "Pods/Target Support Files/Pods-WebViewDemo/Pods-WebViewDemo.release.xcconfig"; sourceTree = "<group>"; };
		8C1D774F69EEC18A50A5D5F0 /* Pods-WebViewDemo.debug.xcconfig */ = {isa = PBXFileReference; includeInIndex = 1; lastKnownFileType = text.xcconfig; name = "Pods-WebViewDemo.debug.xcconfig"; path = "Pods/Target Support Files/Pods-WebViewDemo/Pods-WebViewDemo.debug.xcconfig"; sourceTree = "<group>"; };
/* End PBXFileReference section */

/* Begin PBXFrameworksBuildPhase section */
		033CE7B51DDE97C800744A39 /* Frameworks */ = {
			isa = PBXFrameworksBuildPhase;
			buildActionMask = 2147483647;
			files = (
				DE1B40F0E8C942DB58E2CB4A /* libPods-WebViewDemo.a in Frameworks */,
			);
			runOnlyForDeploymentPostprocessing = 0;
		};
/* End PBXFrameworksBuildPhase section */

/* Begin PBXGroup section */
		0300ECD71E2389E3005936CE /* cache */ = {
			isa = PBXGroup;
			children = (
				0300ECD81E238A14005936CE /* SWWebCache.h */,
				0300ECD91E238A14005936CE /* SWWebCache.m */,
				0300ECDB1E238BEB005936CE /* SWWebCacheModel.h */,
				0300ECDC1E238BEB005936CE /* SWWebCacheModel.m */,
			);
			path = cache;
			sourceTree = "<group>";
		};
		033CE7AF1DDE97C800744A39 = {
			isa = PBXGroup;
			children = (
				033CE7BA1DDE97C800744A39 /* WebViewDemo */,
				033CE7B91DDE97C800744A39 /* Products */,
				2ABF2163FC08D497446648C7 /* Pods */,
				D8C6D192A5500A9973C8269D /* Frameworks */,
			);
			sourceTree = "<group>";
		};
		033CE7B91DDE97C800744A39 /* Products */ = {
			isa = PBXGroup;
			children = (
				033CE7B81DDE97C800744A39 /* WebViewDemo.app */,
			);
			name = Products;
			sourceTree = "<group>";
		};
		033CE7BA1DDE97C800744A39 /* WebViewDemo */ = {
			isa = PBXGroup;
			children = (
				0300ECD71E2389E3005936CE /* cache */,
				3BCA31851DF5A23100385988 /* js */,
				033CE7BE1DDE97C800744A39 /* AppDelegate.h */,
				033CE7BF1DDE97C900744A39 /* AppDelegate.m */,
				033CE7C11DDE97C900744A39 /* ViewController.h */,
				033CE7C21DDE97C900744A39 /* ViewController.m */,
				032146D11E08F8F0008FDBAE /* WKViewController.h */,
				032146D21E08F8F0008FDBAE /* WKViewController.m */,
				033CE7C41DDE97C900744A39 /* Main.storyboard */,
				032146D41E08FC2D008FDBAE /* TabBarViewController.h */,
				032146D51E08FC2D008FDBAE /* TabBarViewController.m */,
				033CE7C71DDE97C900744A39 /* Assets.xcassets */,
				033CE7C91DDE97C900744A39 /* LaunchScreen.storyboard */,
				033CE7CC1DDE97C900744A39 /* Info.plist */,
				033CE7BB1DDE97C800744A39 /* Supporting Files */,
			);
			path = WebViewDemo;
			sourceTree = "<group>";
		};
		033CE7BB1DDE97C800744A39 /* Supporting Files */ = {
			isa = PBXGroup;
			children = (
				033CE7BC1DDE97C800744A39 /* main.m */,
			);
			name = "Supporting Files";
			sourceTree = "<group>";
		};
		2ABF2163FC08D497446648C7 /* Pods */ = {
			isa = PBXGroup;
			children = (
				8C1D774F69EEC18A50A5D5F0 /* Pods-WebViewDemo.debug.xcconfig */,
				54982983F80E44C46CD87805 /* Pods-WebViewDemo.release.xcconfig */,
			);
			name = Pods;
			sourceTree = "<group>";
		};
		3BCA31851DF5A23100385988 /* js */ = {
			isa = PBXGroup;
			children = (
				3BCA31A31DF8556500385988 /* debuggap.js */,
				3BCA31871DF5A26F00385988 /* imageClick.js */,
				3BCA31881DF5A26F00385988 /* lazyLoad.js */,
				3BCA318A1DF5A26F00385988 /* WebViewDemo.html */,
				3BCA318B1DF5A26F00385988 /* WebViewDemo.js */,
			);
			path = js;
			sourceTree = "<group>";
		};
		D8C6D192A5500A9973C8269D /* Frameworks */ = {
			isa = PBXGroup;
			children = (
				363F8433ABCA4906FABCE9BF /* libPods-WebViewDemo.a */,
			);
			name = Frameworks;
			sourceTree = "<group>";
		};
/* End PBXGroup section */

/* Begin PBXNativeTarget section */
		033CE7B71DDE97C800744A39 /* WebViewDemo */ = {
			isa = PBXNativeTarget;
			buildConfigurationList = 033CE7CF1DDE97C900744A39 /* Build configuration list for PBXNativeTarget "WebViewDemo" */;
			buildPhases = (
				E47146CFBDE33BE3F43AB9AE /* [CP] Check Pods Manifest.lock */,
				033CE7B41DDE97C800744A39 /* Sources */,
				033CE7B51DDE97C800744A39 /* Frameworks */,
				033CE7B61DDE97C800744A39 /* Resources */,
				3FE91DC5C40E6D0A5E271774 /* [CP] Embed Pods Frameworks */,
				1345C85849DAC318DD689C3B /* [CP] Copy Pods Resources */,
			);
			buildRules = (
			);
			dependencies = (
			);
			name = WebViewDemo;
			productName = WebViewDemo;
			productReference = 033CE7B81DDE97C800744A39 /* WebViewDemo.app */;
			productType = "com.apple.product-type.application";
		};
/* End PBXNativeTarget section */

/* Begin PBXProject section */
		033CE7B01DDE97C800744A39 /* Project object */ = {
			isa = PBXProject;
			attributes = {
				LastUpgradeCheck = 0800;
				ORGANIZATIONNAME = Yige;
				TargetAttributes = {
					033CE7B71DDE97C800744A39 = {
						CreatedOnToolsVersion = 8.0;
						DevelopmentTeam = KGVT6QT22A;
						ProvisioningStyle = Automatic;
					};
				};
			};
			buildConfigurationList = 033CE7B31DDE97C800744A39 /* Build configuration list for PBXProject "WebViewDemo" */;
			compatibilityVersion = "Xcode 3.2";
			developmentRegion = English;
			hasScannedForEncodings = 0;
			knownRegions = (
				en,
				Base,
			);
			mainGroup = 033CE7AF1DDE97C800744A39;
			productRefGroup = 033CE7B91DDE97C800744A39 /* Products */;
			projectDirPath = "";
			projectRoot = "";
			targets = (
				033CE7B71DDE97C800744A39 /* WebViewDemo */,
			);
		};
/* End PBXProject section */

/* Begin PBXResourcesBuildPhase section */
		033CE7B61DDE97C800744A39 /* Resources */ = {
			isa = PBXResourcesBuildPhase;
			buildActionMask = 2147483647;
			files = (
				3BCA31911DF5A26F00385988 /* WebViewDemo.js in Resources */,
				3BCA31901DF5A26F00385988 /* WebViewDemo.html in Resources */,
				3BCA318D1DF5A26F00385988 /* imageClick.js in Resources */,
				033CE7CB1DDE97C900744A39 /* LaunchScreen.storyboard in Resources */,
				3BCA318E1DF5A26F00385988 /* lazyLoad.js in Resources */,
				033CE7C81DDE97C900744A39 /* Assets.xcassets in Resources */,
				033CE7C61DDE97C900744A39 /* Main.storyboard in Resources */,
				3BCA31A41DF8556500385988 /* debuggap.js in Resources */,
			);
			runOnlyForDeploymentPostprocessing = 0;
		};
/* End PBXResourcesBuildPhase section */

/* Begin PBXShellScriptBuildPhase section */
		1345C85849DAC318DD689C3B /* [CP] Copy Pods Resources */ = {
			isa = PBXShellScriptBuildPhase;
			buildActionMask = 2147483647;
			files = (
			);
			inputPaths = (
			);
			name = "[CP] Copy Pods Resources";
			outputPaths = (
			);
			runOnlyForDeploymentPostprocessing = 0;
			shellPath = /bin/sh;
			shellScript = "\"${SRCROOT}/Pods/Target Support Files/Pods-WebViewDemo/Pods-WebViewDemo-resources.sh\"\n";
			showEnvVarsInLog = 0;
		};
		3FE91DC5C40E6D0A5E271774 /* [CP] Embed Pods Frameworks */ = {
			isa = PBXShellScriptBuildPhase;
			buildActionMask = 2147483647;
			files = (
			);
			inputPaths = (
			);
			name = "[CP] Embed Pods Frameworks";
			outputPaths = (
			);
			runOnlyForDeploymentPostprocessing = 0;
			shellPath = /bin/sh;
			shellScript = "\"${SRCROOT}/Pods/Target Support Files/Pods-WebViewDemo/Pods-WebViewDemo-frameworks.sh\"\n";
			showEnvVarsInLog = 0;
		};
		E47146CFBDE33BE3F43AB9AE /* [CP] Check Pods Manifest.lock */ = {
			isa = PBXShellScriptBuildPhase;
			buildActionMask = 2147483647;
			files = (
			);
			inputPaths = (
			);
			name = "[CP] Check Pods Manifest.lock";
			outputPaths = (
			);
			runOnlyForDeploymentPostprocessing = 0;
			shellPath = /bin/sh;
			shellScript = "diff \"${PODS_ROOT}/../Podfile.lock\" \"${PODS_ROOT}/Manifest.lock\" > /dev/null\nif [ $? != 0 ] ; then\n    # print error to STDERR\n    echo \"error: The sandbox is not in sync with the Podfile.lock. Run 'pod install' or update your CocoaPods installation.\" >&2\n    exit 1\nfi\n";
			showEnvVarsInLog = 0;
		};
/* End PBXShellScriptBuildPhase section */

/* Begin PBXSourcesBuildPhase section */
		033CE7B41DDE97C800744A39 /* Sources */ = {
			isa = PBXSourcesBuildPhase;
			buildActionMask = 2147483647;
			files = (
				032146D61E08FC2D008FDBAE /* TabBarViewController.m in Sources */,
				0300ECDD1E238BEB005936CE /* SWWebCacheModel.m in Sources */,
				0300ECDA1E238A14005936CE /* SWWebCache.m in Sources */,
				033CE7C31DDE97C900744A39 /* ViewController.m in Sources */,
				033CE7C01DDE97C900744A39 /* AppDelegate.m in Sources */,
				032146D31E08F8F0008FDBAE /* WKViewController.m in Sources */,
				033CE7BD1DDE97C800744A39 /* main.m in Sources */,
			);
			runOnlyForDeploymentPostprocessing = 0;
		};
/* End PBXSourcesBuildPhase section */

/* Begin PBXVariantGroup section */
		033CE7C41DDE97C900744A39 /* Main.storyboard */ = {
			isa = PBXVariantGroup;
			children = (
				033CE7C51DDE97C900744A39 /* Base */,
			);
			name = Main.storyboard;
			sourceTree = "<group>";
		};
		033CE7C91DDE97C900744A39 /* LaunchScreen.storyboard */ = {
			isa = PBXVariantGroup;
			children = (
				033CE7CA1DDE97C900744A39 /* Base */,
			);
			name = LaunchScreen.storyboard;
			sourceTree = "<group>";
		};
/* End PBXVariantGroup section */

/* Begin XCBuildConfiguration section */
		033CE7CD1DDE97C900744A39 /* Debug */ = {
			isa = XCBuildConfiguration;
			buildSettings = {
				ALWAYS_SEARCH_USER_PATHS = NO;
				CLANG_ANALYZER_NONNULL = YES;
				CLANG_CXX_LANGUAGE_STANDARD = "gnu++0x";
				CLANG_CXX_LIBRARY = "libc++";
				CLANG_ENABLE_MODULES = YES;
				CLANG_ENABLE_OBJC_ARC = YES;
				CLANG_WARN_BOOL_CONVERSION = YES;
				CLANG_WARN_CONSTANT_CONVERSION = YES;
				CLANG_WARN_DIRECT_OBJC_ISA_USAGE = YES_ERROR;
				CLANG_WARN_DOCUMENTATION_COMMENTS = YES;
				CLANG_WARN_EMPTY_BODY = YES;
				CLANG_WARN_ENUM_CONVERSION = YES;
				CLANG_WARN_INFINITE_RECURSION = YES;
				CLANG_WARN_INT_CONVERSION = YES;
				CLANG_WARN_OBJC_ROOT_CLASS = YES_ERROR;
				CLANG_WARN_SUSPICIOUS_MOVES = YES;
				CLANG_WARN_UNREACHABLE_CODE = YES;
				CLANG_WARN__DUPLICATE_METHOD_MATCH = YES;
				"CODE_SIGN_IDENTITY[sdk=iphoneos*]" = "iPhone Developer";
				COPY_PHASE_STRIP = NO;
				DEBUG_INFORMATION_FORMAT = dwarf;
				ENABLE_STRICT_OBJC_MSGSEND = YES;
				ENABLE_TESTABILITY = YES;
				GCC_C_LANGUAGE_STANDARD = gnu99;
				GCC_DYNAMIC_NO_PIC = NO;
				GCC_NO_COMMON_BLOCKS = YES;
				GCC_OPTIMIZATION_LEVEL = 0;
				GCC_PREPROCESSOR_DEFINITIONS = (
					"DEBUG=1",
					"$(inherited)",
				);
				GCC_WARN_64_TO_32_BIT_CONVERSION = YES;
				GCC_WARN_ABOUT_RETURN_TYPE = YES_ERROR;
				GCC_WARN_UNDECLARED_SELECTOR = YES;
				GCC_WARN_UNINITIALIZED_AUTOS = YES_AGGRESSIVE;
				GCC_WARN_UNUSED_FUNCTION = YES;
				GCC_WARN_UNUSED_VARIABLE = YES;
				IPHONEOS_DEPLOYMENT_TARGET = 10.0;
				MTL_ENABLE_DEBUG_INFO = YES;
				ONLY_ACTIVE_ARCH = YES;
				SDKROOT = iphoneos;
			};
			name = Debug;
		};
		033CE7CE1DDE97C900744A39 /* Release */ = {
			isa = XCBuildConfiguration;
			buildSettings = {
				ALWAYS_SEARCH_USER_PATHS = NO;
				CLANG_ANALYZER_NONNULL = YES;
				CLANG_CXX_LANGUAGE_STANDARD = "gnu++0x";
				CLANG_CXX_LIBRARY = "libc++";
				CLANG_ENABLE_MODULES = YES;
				CLANG_ENABLE_OBJC_ARC = YES;
				CLANG_WARN_BOOL_CONVERSION = YES;
				CLANG_WARN_CONSTANT_CONVERSION = YES;
				CLANG_WARN_DIRECT_OBJC_ISA_USAGE = YES_ERROR;
				CLANG_WARN_DOCUMENTATION_COMMENTS = YES;
				CLANG_WARN_EMPTY_BODY = YES;
				CLANG_WARN_ENUM_CONVERSION = YES;
				CLANG_WARN_INFINITE_RECURSION = YES;
				CLANG_WARN_INT_CONVERSION = YES;
				CLANG_WARN_OBJC_ROOT_CLASS = YES_ERROR;
				CLANG_WARN_SUSPICIOUS_MOVES = YES;
				CLANG_WARN_UNREACHABLE_CODE = YES;
				CLANG_WARN__DUPLICATE_METHOD_MATCH = YES;
				"CODE_SIGN_IDENTITY[sdk=iphoneos*]" = "iPhone Developer";
				COPY_PHASE_STRIP = NO;
				DEBUG_INFORMATION_FORMAT = "dwarf-with-dsym";
				ENABLE_NS_ASSERTIONS = NO;
				ENABLE_STRICT_OBJC_MSGSEND = YES;
				GCC_C_LANGUAGE_STANDARD = gnu99;
				GCC_NO_COMMON_BLOCKS = YES;
				GCC_WARN_64_TO_32_BIT_CONVERSION = YES;
				GCC_WARN_ABOUT_RETURN_TYPE = YES_ERROR;
				GCC_WARN_UNDECLARED_SELECTOR = YES;
				GCC_WARN_UNINITIALIZED_AUTOS = YES_AGGRESSIVE;
				GCC_WARN_UNUSED_FUNCTION = YES;
				GCC_WARN_UNUSED_VARIABLE = YES;
				IPHONEOS_DEPLOYMENT_TARGET = 10.0;
				MTL_ENABLE_DEBUG_INFO = NO;
				SDKROOT = iphoneos;
				VALIDATE_PRODUCT = YES;
			};
			name = Release;
		};
		033CE7D01DDE97C900744A39 /* Debug */ = {
			isa = XCBuildConfiguration;
			baseConfigurationReference = 8C1D774F69EEC18A50A5D5F0 /* Pods-WebViewDemo.debug.xcconfig */;
			buildSettings = {
				ASSETCATALOG_COMPILER_APPICON_NAME = AppIcon;
				DEVELOPMENT_TEAM = KGVT6QT22A;
				INFOPLIST_FILE = WebViewDemo/Info.plist;
				IPHONEOS_DEPLOYMENT_TARGET = 8.0;
				LD_GENERATE_MAP_FILE = YES;
				LD_RUNPATH_SEARCH_PATHS = "$(inherited) @executable_path/Frameworks";
				PRODUCT_BUNDLE_IDENTIFIER = com.yigemed.WebViewDemo;
				PRODUCT_NAME = "$(TARGET_NAME)";
			};
			name = Debug;
		};
		033CE7D11DDE97C900744A39 /* Release */ = {
			isa = XCBuildConfiguration;
			baseConfigurationReference = 54982983F80E44C46CD87805 /* Pods-WebViewDemo.release.xcconfig */;
			buildSettings = {
				ASSETCATALOG_COMPILER_APPICON_NAME = AppIcon;
				DEVELOPMENT_TEAM = KGVT6QT22A;
				INFOPLIST_FILE = WebViewDemo/Info.plist;
				IPHONEOS_DEPLOYMENT_TARGET = 8.0;
				LD_GENERATE_MAP_FILE = YES;
				LD_RUNPATH_SEARCH_PATHS = "$(inherited) @executable_path/Frameworks";
				PRODUCT_BUNDLE_IDENTIFIER = com.yigemed.WebViewDemo;
				PRODUCT_NAME = "$(TARGET_NAME)";
			};
			name = Release;
		};
/* End XCBuildConfiguration section */

/* Begin XCConfigurationList section */
		033CE7B31DDE97C800744A39 /* Build configuration list for PBXProject "WebViewDemo" */ = {
			isa = XCConfigurationList;
			buildConfigurations = (
				033CE7CD1DDE97C900744A39 /* Debug */,
				033CE7CE1DDE97C900744A39 /* Release */,
			);
			defaultConfigurationIsVisible = 0;
			defaultConfigurationName = Release;
		};
		033CE7CF1DDE97C900744A39 /* Build configuration list for PBXNativeTarget "WebViewDemo" */ = {
			isa = XCConfigurationList;
			buildConfigurations = (
				033CE7D01DDE97C900744A39 /* Debug */,
				033CE7D11DDE97C900744A39 /* Release */,
			);
			defaultConfigurationIsVisible = 0;
			defaultConfigurationName = Release;
		};
/* End XCConfigurationList section */
	};
	rootObject = 033CE7B01DDE97C800744A39 /* Project object */;
}
