// !$*UTF8*$!
{
	archiveVersion = 1;
	classes = {
	};
	objectVersion = 46;
	objects = {

/* Begin PBXBuildFile section */
		3B5175171E5052B6002E49A7 /* main.m in Sources */ = {isa = PBXBuildFile; fileRef = 3B5175161E5052B6002E49A7 /* main.m */; };
		3B51751A1E5052B6002E49A7 /* AppDelegate.m in Sources */ = {isa = PBXBuildFile; fileRef = 3B5175191E5052B6002E49A7 /* AppDelegate.m */; };
		3B51751D1E5052B6002E49A7 /* ViewController.m in Sources */ = {isa = PBXBuildFile; fileRef = 3B51751C1E5052B6002E49A7 /* ViewController.m */; };
		3B5175201E5052B6002E49A7 /* Main.storyboard in Resources */ = {isa = PBXBuildFile; fileRef = 3B51751E1E5052B6002E49A7 /* Main.storyboard */; };
		3B5175221E5052B6002E49A7 /* Assets.xcassets in Resources */ = {isa = PBXBuildFile; fileRef = 3B5175211E5052B6002E49A7 /* Assets.xcassets */; };
		3B5175251E5052B6002E49A7 /* LaunchScreen.storyboard in Resources */ = {isa = PBXBuildFile; fileRef = 3B5175231E5052B6002E49A7 /* LaunchScreen.storyboard */; };
		3B51752E1E5052FD002E49A7 /* NBWatcher.m in Sources */ = {isa = PBXBuildFile; fileRef = 3B51752D1E5052FD002E49A7 /* NBWatcher.m */; };
/* End PBXBuildFile section */

/* Begin PBXFileReference section */
		3B5175121E5052B6002E49A7 /* NBPerformenceWatcher.app */ = {isa = PBXFileReference; explicitFileType = wrapper.application; includeInIndex = 0; path = NBPerformenceWatcher.app; sourceTree = BUILT_PRODUCTS_DIR; };
		3B5175161E5052B6002E49A7 /* main.m */ = {isa = PBXFileReference; lastKnownFileType = sourcecode.c.objc; path = main.m; sourceTree = "<group>"; };
		3B5175181E5052B6002E49A7 /* AppDelegate.h */ = {isa = PBXFileReference; lastKnownFileType = sourcecode.c.h; path = AppDelegate.h; sourceTree = "<group>"; };
		3B5175191E5052B6002E49A7 /* AppDelegate.m */ = {isa = PBXFileReference; lastKnownFileType = sourcecode.c.objc; path = AppDelegate.m; sourceTree = "<group>"; };
		3B51751B1E5052B6002E49A7 /* ViewController.h */ = {isa = PBXFileReference; lastKnownFileType = sourcecode.c.h; path = ViewController.h; sourceTree = "<group>"; };
		3B51751C1E5052B6002E49A7 /* ViewController.m */ = {isa = PBXFileReference; lastKnownFileType = sourcecode.c.objc; path = ViewController.m; sourceTree = "<group>"; };
		3B51751F1E5052B6002E49A7 /* Base */ = {isa = PBXFileReference; lastKnownFileType = file.storyboard; name = Base; path = Base.lproj/Main.storyboard; sourceTree = "<group>"; };
		3B5175211E5052B6002E49A7 /* Assets.xcassets */ = {isa = PBXFileReference; lastKnownFileType = folder.assetcatalog; path = Assets.xcassets; sourceTree = "<group>"; };
		3B5175241E5052B6002E49A7 /* Base */ = {isa = PBXFileReference; lastKnownFileType = file.storyboard; name = Base; path = Base.lproj/LaunchScreen.storyboard; sourceTree = "<group>"; };
		3B5175261E5052B6002E49A7 /* Info.plist */ = {isa = PBXFileReference; lastKnownFileType = text.plist.xml; path = Info.plist; sourceTree = "<group>"; };
		3B51752C1E5052FD002E49A7 /* NBWatcher.h */ = {isa = PBXFileReference; fileEncoding = 4; lastKnownFileType = sourcecode.c.h; path = NBWatcher.h; sourceTree = "<group>"; };
		3B51752D1E5052FD002E49A7 /* NBWatcher.m */ = {isa = PBXFileReference; fileEncoding = 4; lastKnownFileType = sourcecode.c.objc; path = NBWatcher.m; sourceTree = "<group>"; };
/* End PBXFileReference section */

/* Begin PBXFrameworksBuildPhase section */
		3B51750F1E5052B6002E49A7 /* Frameworks */ = {
			isa = PBXFrameworksBuildPhase;
			buildActionMask = 2147483647;
			files = (
			);
			runOnlyForDeploymentPostprocessing = 0;
		};
/* End PBXFrameworksBuildPhase section */

/* Begin PBXGroup section */
		3B5175091E5052B6002E49A7 = {
			isa = PBXGroup;
			children = (
				3B5175141E5052B6002E49A7 /* NBPerformenceWatcher */,
				3B5175131E5052B6002E49A7 /* Products */,
			);
			sourceTree = "<group>";
		};
		3B5175131E5052B6002E49A7 /* Products */ = {
			isa = PBXGroup;
			children = (
				3B5175121E5052B6002E49A7 /* NBPerformenceWatcher.app */,
			);
			name = Products;
			sourceTree = "<group>";
		};
		3B5175141E5052B6002E49A7 /* NBPerformenceWatcher */ = {
			isa = PBXGroup;
			children = (
				3B5175181E5052B6002E49A7 /* AppDelegate.h */,
				3B5175191E5052B6002E49A7 /* AppDelegate.m */,
				3B51751B1E5052B6002E49A7 /* ViewController.h */,
				3B51751C1E5052B6002E49A7 /* ViewController.m */,
				3B51751E1E5052B6002E49A7 /* Main.storyboard */,
				3B5175211E5052B6002E49A7 /* Assets.xcassets */,
				3B5175231E5052B6002E49A7 /* LaunchScreen.storyboard */,
				3B5175261E5052B6002E49A7 /* Info.plist */,
				3B5175151E5052B6002E49A7 /* Supporting Files */,
				3B51752C1E5052FD002E49A7 /* NBWatcher.h */,
				3B51752D1E5052FD002E49A7 /* NBWatcher.m */,
			);
			path = NBPerformenceWatcher;
			sourceTree = "<group>";
		};
		3B5175151E5052B6002E49A7 /* Supporting Files */ = {
			isa = PBXGroup;
			children = (
				3B5175161E5052B6002E49A7 /* main.m */,
			);
			name = "Supporting Files";
			sourceTree = "<group>";
		};
/* End PBXGroup section */

/* Begin PBXNativeTarget section */
		3B5175111E5052B6002E49A7 /* NBPerformenceWatcher */ = {
			isa = PBXNativeTarget;
			buildConfigurationList = 3B5175291E5052B6002E49A7 /* Build configuration list for PBXNativeTarget "NBPerformenceWatcher" */;
			buildPhases = (
				3B51750E1E5052B6002E49A7 /* Sources */,
				3B51750F1E5052B6002E49A7 /* Frameworks */,
				3B5175101E5052B6002E49A7 /* Resources */,
			);
			buildRules = (
			);
			dependencies = (
			);
			name = NBPerformenceWatcher;
			productName = NBPerformenceWatcher;
			productReference = 3B5175121E5052B6002E49A7 /* NBPerformenceWatcher.app */;
			productType = "com.apple.product-type.application";
		};
/* End PBXNativeTarget section */

/* Begin PBXProject section */
		3B51750A1E5052B6002E49A7 /* Project object */ = {
			isa = PBXProject;
			attributes = {
				LastUpgradeCheck = 0820;
				ORGANIZATIONNAME = sunwell;
				TargetAttributes = {
					3B5175111E5052B6002E49A7 = {
						CreatedOnToolsVersion = 8.2.1;
						ProvisioningStyle = Automatic;
					};
				};
			};
			buildConfigurationList = 3B51750D1E5052B6002E49A7 /* Build configuration list for PBXProject "NBPerformenceWatcher" */;
			compatibilityVersion = "Xcode 3.2";
			developmentRegion = English;
			hasScannedForEncodings = 0;
			knownRegions = (
				en,
				Base,
			);
			mainGroup = 3B5175091E5052B6002E49A7;
			productRefGroup = 3B5175131E5052B6002E49A7 /* Products */;
			projectDirPath = "";
			projectRoot = "";
			targets = (
				3B5175111E5052B6002E49A7 /* NBPerformenceWatcher */,
			);
		};
/* End PBXProject section */

/* Begin PBXResourcesBuildPhase section */
		3B5175101E5052B6002E49A7 /* Resources */ = {
			isa = PBXResourcesBuildPhase;
			buildActionMask = 2147483647;
			files = (
				3B5175251E5052B6002E49A7 /* LaunchScreen.storyboard in Resources */,
				3B5175221E5052B6002E49A7 /* Assets.xcassets in Resources */,
				3B5175201E5052B6002E49A7 /* Main.storyboard in Resources */,
			);
			runOnlyForDeploymentPostprocessing = 0;
		};
/* End PBXResourcesBuildPhase section */

/* Begin PBXSourcesBuildPhase section */
		3B51750E1E5052B6002E49A7 /* Sources */ = {
			isa = PBXSourcesBuildPhase;
			buildActionMask = 2147483647;
			files = (
				3B51752E1E5052FD002E49A7 /* NBWatcher.m in Sources */,
				3B51751D1E5052B6002E49A7 /* ViewController.m in Sources */,
				3B51751A1E5052B6002E49A7 /* AppDelegate.m in Sources */,
				3B5175171E5052B6002E49A7 /* main.m in Sources */,
			);
			runOnlyForDeploymentPostprocessing = 0;
		};
/* End PBXSourcesBuildPhase section */

/* Begin PBXVariantGroup section */
		3B51751E1E5052B6002E49A7 /* Main.storyboard */ = {
			isa = PBXVariantGroup;
			children = (
				3B51751F1E5052B6002E49A7 /* Base */,
			);
			name = Main.storyboard;
			sourceTree = "<group>";
		};
		3B5175231E5052B6002E49A7 /* LaunchScreen.storyboard */ = {
			isa = PBXVariantGroup;
			children = (
				3B5175241E5052B6002E49A7 /* Base */,
			);
			name = LaunchScreen.storyboard;
			sourceTree = "<group>";
		};
/* End PBXVariantGroup section */

/* Begin XCBuildConfiguration section */
		3B5175271E5052B6002E49A7 /* Debug */ = {
			isa = XCBuildConfiguration;
			buildSettings = {
				ALWAYS_SEARCH_USER_PATHS = NO;
				CLANG_ANALYZER_NONNULL = YES;
				CLANG_CXX_LANGUAGE_STANDARD = "gnu++0x";
				CLANG_CXX_LIBRARY = "libc++";
				CLANG_ENABLE_MODULES = YES;
				CLANG_ENABLE_OBJC_ARC = YES;
				CLANG_WARN_BOOL_CONVERSION = YES;
				CLANG_WARN_CONSTANT_CONVERSION = YES;
				CLANG_WARN_DIRECT_OBJC_ISA_USAGE = YES_ERROR;
				CLANG_WARN_DOCUMENTATION_COMMENTS = YES;
				CLANG_WARN_EMPTY_BODY = YES;
				CLANG_WARN_ENUM_CONVERSION = YES;
				CLANG_WARN_INFINITE_RECURSION = YES;
				CLANG_WARN_INT_CONVERSION = YES;
				CLANG_WARN_OBJC_ROOT_CLASS = YES_ERROR;
				CLANG_WARN_SUSPICIOUS_MOVE = YES;
				CLANG_WARN_UNREACHABLE_CODE = YES;
				CLANG_WARN__DUPLICATE_METHOD_MATCH = YES;
				"CODE_SIGN_IDENTITY[sdk=iphoneos*]" = "iPhone Developer";
				COPY_PHASE_STRIP = NO;
				DEBUG_INFORMATION_FORMAT = dwarf;
				ENABLE_STRICT_OBJC_MSGSEND = YES;
				ENABLE_TESTABILITY = YES;
				GCC_C_LANGUAGE_STANDARD = gnu99;
				GCC_DYNAMIC_NO_PIC = NO;
				GCC_NO_COMMON_BLOCKS = YES;
				GCC_OPTIMIZATION_LEVEL = 0;
				GCC_PREPROCESSOR_DEFINITIONS = (
					"DEBUG=1",
					"$(inherited)",
				);
				GCC_WARN_64_TO_32_BIT_CONVERSION = YES;
				GCC_WARN_ABOUT_RETURN_TYPE = YES_ERROR;
				GCC_WARN_UNDECLARED_SELECTOR = YES;
				GCC_WARN_UNINITIALIZED_AUTOS = YES_AGGRESSIVE;
				GCC_WARN_UNUSED_FUNCTION = YES;
				GCC_WARN_UNUSED_VARIABLE = YES;
				IPHONEOS_DEPLOYMENT_TARGET = 10.2;
				MTL_ENABLE_DEBUG_INFO = YES;
				ONLY_ACTIVE_ARCH = YES;
				SDKROOT = iphoneos;
			};
			name = Debug;
		};
		3B5175281E5052B6002E49A7 /* Release */ = {
			isa = XCBuildConfiguration;
			buildSettings = {
				ALWAYS_SEARCH_USER_PATHS = NO;
				CLANG_ANALYZER_NONNULL = YES;
				CLANG_CXX_LANGUAGE_STANDARD = "gnu++0x";
				CLANG_CXX_LIBRARY = "libc++";
				CLANG_ENABLE_MODULES = YES;
				CLANG_ENABLE_OBJC_ARC = YES;
				CLANG_WARN_BOOL_CONVERSION = YES;
				CLANG_WARN_CONSTANT_CONVERSION = YES;
				CLANG_WARN_DIRECT_OBJC_ISA_USAGE = YES_ERROR;
				CLANG_WARN_DOCUMENTATION_COMMENTS = YES;
				CLANG_WARN_EMPTY_BODY = YES;
				CLANG_WARN_ENUM_CONVERSION = YES;
				CLANG_WARN_INFINITE_RECURSION = YES;
				CLANG_WARN_INT_CONVERSION = YES;
				CLANG_WARN_OBJC_ROOT_CLASS = YES_ERROR;
				CLANG_WARN_SUSPICIOUS_MOVE = YES;
				CLANG_WARN_UNREACHABLE_CODE = YES;
				CLANG_WARN__DUPLICATE_METHOD_MATCH = YES;
				"CODE_SIGN_IDENTITY[sdk=iphoneos*]" = "iPhone Developer";
				COPY_PHASE_STRIP = NO;
				DEBUG_INFORMATION_FORMAT = "dwarf-with-dsym";
				ENABLE_NS_ASSERTIONS = NO;
				ENABLE_STRICT_OBJC_MSGSEND = YES;
				GCC_C_LANGUAGE_STANDARD = gnu99;
				GCC_NO_COMMON_BLOCKS = YES;
				GCC_WARN_64_TO_32_BIT_CONVERSION = YES;
				GCC_WARN_ABOUT_RETURN_TYPE = YES_ERROR;
				GCC_WARN_UNDECLARED_SELECTOR = YES;
				GCC_WARN_UNINITIALIZED_AUTOS = YES_AGGRESSIVE;
				GCC_WARN_UNUSED_FUNCTION = YES;
				GCC_WARN_UNUSED_VARIABLE = YES;
				IPHONEOS_DEPLOYMENT_TARGET = 10.2;
				MTL_ENABLE_DEBUG_INFO = NO;
				SDKROOT = iphoneos;
				VALIDATE_PRODUCT = YES;
			};
			name = Release;
		};
		3B51752A1E5052B6002E49A7 /* Debug */ = {
			isa = XCBuildConfiguration;
			buildSettings = {
				ASSETCATALOG_COMPILER_APPICON_NAME = AppIcon;
				INFOPLIST_FILE = NBPerformenceWatcher/Info.plist;
				LD_RUNPATH_SEARCH_PATHS = "$(inherited) @executable_path/Frameworks";
				PRODUCT_BUNDLE_IDENTIFIER = com.sunwell.NBPerformenceWatcher;
				PRODUCT_NAME = "$(TARGET_NAME)";
			};
			name = Debug;
		};
		3B51752B1E5052B6002E49A7 /* Release */ = {
			isa = XCBuildConfiguration;
			buildSettings = {
				ASSETCATALOG_COMPILER_APPICON_NAME = AppIcon;
				INFOPLIST_FILE = NBPerformenceWatcher/Info.plist;
				LD_RUNPATH_SEARCH_PATHS = "$(inherited) @executable_path/Frameworks";
				PRODUCT_BUNDLE_IDENTIFIER = com.sunwell.NBPerformenceWatcher;
				PRODUCT_NAME = "$(TARGET_NAME)";
			};
			name = Release;
		};
/* End XCBuildConfiguration section */

/* Begin XCConfigurationList section */
		3B51750D1E5052B6002E49A7 /* Build configuration list for PBXProject "NBPerformenceWatcher" */ = {
			isa = XCConfigurationList;
			buildConfigurations = (
				3B5175271E5052B6002E49A7 /* Debug */,
				3B5175281E5052B6002E49A7 /* Release */,
			);
			defaultConfigurationIsVisible = 0;
			defaultConfigurationName = Release;
		};
		3B5175291E5052B6002E49A7 /* Build configuration list for PBXNativeTarget "NBPerformenceWatcher" */ = {
			isa = XCConfigurationList;
			buildConfigurations = (
				3B51752A1E5052B6002E49A7 /* Debug */,
				3B51752B1E5052B6002E49A7 /* Release */,
			);
			defaultConfigurationIsVisible = 0;
		};
/* End XCConfigurationList section */
	};
	rootObject = 3B51750A1E5052B6002E49A7 /* Project object */;
}
