// !$*UTF8*$!
{
	archiveVersion = 1;
	classes = {
	};
	objectVersion = 48;
	objects = {

/* Begin PBXBuildFile section */
		5713C9871F0E383200CA2EE5 /* AppDelegate.m in Sources */ = {isa = PBXBuildFile; fileRef = 5713C9861F0E383200CA2EE5 /* AppDelegate.m */; };
		5713C98A1F0E383200CA2EE5 /* ViewController.m in Sources */ = {isa = PBXBuildFile; fileRef = 5713C9891F0E383200CA2EE5 /* ViewController.m */; };
		5713C98F1F0E383200CA2EE5 /* Assets.xcassets in Resources */ = {isa = PBXBuildFile; fileRef = 5713C98E1F0E383200CA2EE5 /* Assets.xcassets */; };
		5713C9921F0E383200CA2EE5 /* LaunchScreen.storyboard in Resources */ = {isa = PBXBuildFile; fileRef = 5713C9901F0E383200CA2EE5 /* LaunchScreen.storyboard */; };
		5713C9951F0E383200CA2EE5 /* main.m in Sources */ = {isa = PBXBuildFile; fileRef = 5713C9941F0E383200CA2EE5 /* main.m */; };
		5713CA271F0E516A00CA2EE5 /* FilterViewController.m in Sources */ = {isa = PBXBuildFile; fileRef = 5713CA261F0E516A00CA2EE5 /* FilterViewController.m */; };
		5713CA2F1F0F5C3400CA2EE5 /* FilterCell.m in Sources */ = {isa = PBXBuildFile; fileRef = 5713CA2E1F0F5C3400CA2EE5 /* FilterCell.m */; };
		572A0A591F22020D00F7AC4A /* 1960s_filter.png in Resources */ = {isa = PBXBuildFile; fileRef = 572A0A161F2201F600F7AC4A /* 1960s_filter.png */; };
		572A0A5A1F22020D00F7AC4A /* 1960s_thumb.png in Resources */ = {isa = PBXBuildFile; fileRef = 572A0A171F2201F600F7AC4A /* 1960s_thumb.png */; };
		572A0A5B1F22020D00F7AC4A /* camomile_filter.png in Resources */ = {isa = PBXBuildFile; fileRef = 572A0A181F2201F600F7AC4A /* camomile_filter.png */; };
		572A0A5C1F22020D00F7AC4A /* camomile_thumb.png in Resources */ = {isa = PBXBuildFile; fileRef = 572A0A191F2201F600F7AC4A /* camomile_thumb.png */; };
		572A0A5D1F22020D00F7AC4A /* candy_filter.png in Resources */ = {isa = PBXBuildFile; fileRef = 572A0A1A1F2201F600F7AC4A /* candy_filter.png */; };
		572A0A5E1F22020D00F7AC4A /* candy_thumb.png in Resources */ = {isa = PBXBuildFile; fileRef = 572A0A1B1F2201F600F7AC4A /* candy_thumb.png */; };
		572A0A5F1F22020D00F7AC4A /* cold_filter.png in Resources */ = {isa = PBXBuildFile; fileRef = 572A0A1C1F2201F600F7AC4A /* cold_filter.png */; };
		572A0A601F22020D00F7AC4A /* cold_thumb.png in Resources */ = {isa = PBXBuildFile; fileRef = 572A0A1D1F2201F600F7AC4A /* cold_thumb.png */; };
		572A0A611F22020D00F7AC4A /* dark_filter.png in Resources */ = {isa = PBXBuildFile; fileRef = 572A0A1E1F2201F600F7AC4A /* dark_filter.png */; };
		572A0A621F22020D00F7AC4A /* dark_thumb.png in Resources */ = {isa = PBXBuildFile; fileRef = 572A0A1F1F2201F600F7AC4A /* dark_thumb.png */; };
		572A0A631F22020D00F7AC4A /* dreamy_filter.png in Resources */ = {isa = PBXBuildFile; fileRef = 572A0A201F2201F600F7AC4A /* dreamy_filter.png */; };
		572A0A641F22020D00F7AC4A /* dreamy_thumb.png in Resources */ = {isa = PBXBuildFile; fileRef = 572A0A211F2201F600F7AC4A /* dreamy_thumb.png */; };
		572A0A651F22020D00F7AC4A /* elegance_filter.png in Resources */ = {isa = PBXBuildFile; fileRef = 572A0A221F2201F600F7AC4A /* elegance_filter.png */; };
		572A0A661F22020D00F7AC4A /* elegance_thumb.png in Resources */ = {isa = PBXBuildFile; fileRef = 572A0A231F2201F600F7AC4A /* elegance_thumb.png */; };
		572A0A671F22020D00F7AC4A /* frog_filter.png in Resources */ = {isa = PBXBuildFile; fileRef = 572A0A241F2201F600F7AC4A /* frog_filter.png */; };
		572A0A681F22020D00F7AC4A /* frog_thumb.png in Resources */ = {isa = PBXBuildFile; fileRef = 572A0A251F2201F600F7AC4A /* frog_thumb.png */; };
		572A0A691F22020D00F7AC4A /* funky_filter.png in Resources */ = {isa = PBXBuildFile; fileRef = 572A0A261F2201F600F7AC4A /* funky_filter.png */; };
		572A0A6A1F22020D00F7AC4A /* funky_thumb.png in Resources */ = {isa = PBXBuildFile; fileRef = 572A0A271F2201F600F7AC4A /* funky_thumb.png */; };
		572A0A6B1F22020D00F7AC4A /* good_filter.png in Resources */ = {isa = PBXBuildFile; fileRef = 572A0A281F2201F600F7AC4A /* good_filter.png */; };
		572A0A6C1F22020D00F7AC4A /* good_thumb.png in Resources */ = {isa = PBXBuildFile; fileRef = 572A0A291F2201F600F7AC4A /* good_thumb.png */; };
		572A0A6D1F22020D00F7AC4A /* gray_filter.png in Resources */ = {isa = PBXBuildFile; fileRef = 572A0A2A1F2201F600F7AC4A /* gray_filter.png */; };
		572A0A6E1F22020D00F7AC4A /* gray_thumb.png in Resources */ = {isa = PBXBuildFile; fileRef = 572A0A2B1F2201F600F7AC4A /* gray_thumb.png */; };
		572A0A6F1F22020D00F7AC4A /* habana_filter.png in Resources */ = {isa = PBXBuildFile; fileRef = 572A0A2C1F2201F600F7AC4A /* habana_filter.png */; };
		572A0A701F22020D00F7AC4A /* habana_thumb.png in Resources */ = {isa = PBXBuildFile; fileRef = 572A0A2D1F2201F600F7AC4A /* habana_thumb.png */; };
		572A0A711F22020D00F7AC4A /* happy_filter.png in Resources */ = {isa = PBXBuildFile; fileRef = 572A0A2E1F2201F600F7AC4A /* happy_filter.png */; };
		572A0A721F22020D00F7AC4A /* happy_thumb.png in Resources */ = {isa = PBXBuildFile; fileRef = 572A0A2F1F2201F600F7AC4A /* happy_thumb.png */; };
		572A0A731F22020D00F7AC4A /* harvest_filter.png in Resources */ = {isa = PBXBuildFile; fileRef = 572A0A301F2201F600F7AC4A /* harvest_filter.png */; };
		572A0A741F22020D00F7AC4A /* harvest_thumb.png in Resources */ = {isa = PBXBuildFile; fileRef = 572A0A311F2201F600F7AC4A /* harvest_thumb.png */; };
		572A0A751F22020D00F7AC4A /* kc_filter.png in Resources */ = {isa = PBXBuildFile; fileRef = 572A0A321F2201F600F7AC4A /* kc_filter.png */; };
		572A0A761F22020D00F7AC4A /* kc_thumb.png in Resources */ = {isa = PBXBuildFile; fileRef = 572A0A331F2201F600F7AC4A /* kc_thumb.png */; };
		572A0A771F22020D00F7AC4A /* lyon_filter.png in Resources */ = {isa = PBXBuildFile; fileRef = 572A0A341F2201F600F7AC4A /* lyon_filter.png */; };
		572A0A781F22020D00F7AC4A /* lyon_thumb.png in Resources */ = {isa = PBXBuildFile; fileRef = 572A0A351F2201F600F7AC4A /* lyon_thumb.png */; };
		572A0A791F22020D00F7AC4A /* lzp_filter.png in Resources */ = {isa = PBXBuildFile; fileRef = 572A0A361F2201F600F7AC4A /* lzp_filter.png */; };
		572A0A7A1F22020D00F7AC4A /* lzp_thumb.png in Resources */ = {isa = PBXBuildFile; fileRef = 572A0A371F2201F600F7AC4A /* lzp_thumb.png */; };
		572A0A7B1F22020D00F7AC4A /* miss_filter.png in Resources */ = {isa = PBXBuildFile; fileRef = 572A0A381F2201F600F7AC4A /* miss_filter.png */; };
		572A0A7C1F22020D00F7AC4A /* miss_thumb.png in Resources */ = {isa = PBXBuildFile; fileRef = 572A0A391F2201F600F7AC4A /* miss_thumb.png */; };
		572A0A7D1F22020D00F7AC4A /* misty_filter.png in Resources */ = {isa = PBXBuildFile; fileRef = 572A0A3A1F2201F600F7AC4A /* misty_filter.png */; };
		572A0A7E1F22020D00F7AC4A /* misty_thumb.png in Resources */ = {isa = PBXBuildFile; fileRef = 572A0A3B1F2201F600F7AC4A /* misty_thumb.png */; };
		572A0A7F1F22020D00F7AC4A /* normal_filter.png in Resources */ = {isa = PBXBuildFile; fileRef = 572A0A3C1F2201F600F7AC4A /* normal_filter.png */; };
		572A0A801F22020D00F7AC4A /* normal_thumb.png in Resources */ = {isa = PBXBuildFile; fileRef = 572A0A3D1F2201F600F7AC4A /* normal_thumb.png */; };
		572A0A811F22020D00F7AC4A /* pailide_filter.png in Resources */ = {isa = PBXBuildFile; fileRef = 572A0A3E1F2201F600F7AC4A /* pailide_filter.png */; };
		572A0A821F22020D00F7AC4A /* pailide_thumb.png in Resources */ = {isa = PBXBuildFile; fileRef = 572A0A3F1F2201F600F7AC4A /* pailide_thumb.png */; };
		572A0A831F22020D00F7AC4A /* pink_filter.png in Resources */ = {isa = PBXBuildFile; fileRef = 572A0A401F2201F600F7AC4A /* pink_filter.png */; };
		572A0A841F22020D00F7AC4A /* pink_thumb.png in Resources */ = {isa = PBXBuildFile; fileRef = 572A0A411F2201F600F7AC4A /* pink_thumb.png */; };
		572A0A851F22020D00F7AC4A /* pld_filter.png in Resources */ = {isa = PBXBuildFile; fileRef = 572A0A421F2201F600F7AC4A /* pld_filter.png */; };
		572A0A861F22020D00F7AC4A /* pld_thumb.png in Resources */ = {isa = PBXBuildFile; fileRef = 572A0A431F2201F600F7AC4A /* pld_thumb.png */; };
		572A0A871F22020D00F7AC4A /* plsfilters.json in Resources */ = {isa = PBXBuildFile; fileRef = 572A0A441F2201F600F7AC4A /* plsfilters.json */; };
		572A0A881F22020D00F7AC4A /* print_filter.png in Resources */ = {isa = PBXBuildFile; fileRef = 572A0A451F2201F600F7AC4A /* print_filter.png */; };
		572A0A891F22020D00F7AC4A /* print_thumb.png in Resources */ = {isa = PBXBuildFile; fileRef = 572A0A461F2201F600F7AC4A /* print_thumb.png */; };
		572A0A8A1F22020D00F7AC4A /* purple_filter.png in Resources */ = {isa = PBXBuildFile; fileRef = 572A0A471F2201F600F7AC4A /* purple_filter.png */; };
		572A0A8B1F22020D00F7AC4A /* purple_thumb.png in Resources */ = {isa = PBXBuildFile; fileRef = 572A0A481F2201F600F7AC4A /* purple_thumb.png */; };
		572A0A8C1F22020D00F7AC4A /* railway_filter.png in Resources */ = {isa = PBXBuildFile; fileRef = 572A0A491F2201F600F7AC4A /* railway_filter.png */; };
		572A0A8D1F22020D00F7AC4A /* railway_thumb.png in Resources */ = {isa = PBXBuildFile; fileRef = 572A0A4A1F2201F600F7AC4A /* railway_thumb.png */; };
		572A0A8E1F22020D00F7AC4A /* red_filter.png in Resources */ = {isa = PBXBuildFile; fileRef = 572A0A4B1F2201F600F7AC4A /* red_filter.png */; };
		572A0A8F1F22020D00F7AC4A /* red_thumb.png in Resources */ = {isa = PBXBuildFile; fileRef = 572A0A4C1F2201F600F7AC4A /* red_thumb.png */; };
		572A0A901F22020D00F7AC4A /* retro_filter.png in Resources */ = {isa = PBXBuildFile; fileRef = 572A0A4D1F2201F600F7AC4A /* retro_filter.png */; };
		572A0A911F22020D00F7AC4A /* retro_thumb.png in Resources */ = {isa = PBXBuildFile; fileRef = 572A0A4E1F2201F600F7AC4A /* retro_thumb.png */; };
		572A0A921F22020D00F7AC4A /* sunny_filter.png in Resources */ = {isa = PBXBuildFile; fileRef = 572A0A4F1F2201F600F7AC4A /* sunny_filter.png */; };
		572A0A931F22020D00F7AC4A /* sunny_thumb.png in Resources */ = {isa = PBXBuildFile; fileRef = 572A0A501F2201F600F7AC4A /* sunny_thumb.png */; };
		572A0A941F22020D00F7AC4A /* tasty_filter.png in Resources */ = {isa = PBXBuildFile; fileRef = 572A0A511F2201F600F7AC4A /* tasty_filter.png */; };
		572A0A951F22020D00F7AC4A /* tasty_thumb.png in Resources */ = {isa = PBXBuildFile; fileRef = 572A0A521F2201F600F7AC4A /* tasty_thumb.png */; };
		572A0A961F22020D00F7AC4A /* turkish_filter.png in Resources */ = {isa = PBXBuildFile; fileRef = 572A0A531F2201F600F7AC4A /* turkish_filter.png */; };
		572A0A971F22020D00F7AC4A /* turkish_thumb.png in Resources */ = {isa = PBXBuildFile; fileRef = 572A0A541F2201F600F7AC4A /* turkish_thumb.png */; };
		572A0A981F22020D00F7AC4A /* waltz_filter.png in Resources */ = {isa = PBXBuildFile; fileRef = 572A0A551F2201F600F7AC4A /* waltz_filter.png */; };
		572A0A991F22020D00F7AC4A /* waltz_thumb.png in Resources */ = {isa = PBXBuildFile; fileRef = 572A0A561F2201F600F7AC4A /* waltz_thumb.png */; };
		572A0A9A1F22020D00F7AC4A /* west_filter.png in Resources */ = {isa = PBXBuildFile; fileRef = 572A0A571F2201F600F7AC4A /* west_filter.png */; };
		572A0A9B1F22020D00F7AC4A /* west_thumb.png in Resources */ = {isa = PBXBuildFile; fileRef = 572A0A581F2201F600F7AC4A /* west_thumb.png */; };
		5731D54E1F138AE3004B5056 /* CIFilter+ColorLUT.m in Sources */ = {isa = PBXBuildFile; fileRef = 5731D54C1F137639004B5056 /* CIFilter+ColorLUT.m */; };
		5731D5511F14A0A8004B5056 /* FilterCollectionViewController.m in Sources */ = {isa = PBXBuildFile; fileRef = 5731D5501F14A0A8004B5056 /* FilterCollectionViewController.m */; };
		57ED24171F271C5E00F0095B /* test_filter.png in Resources */ = {isa = PBXBuildFile; fileRef = 57ED24161F271C4400F0095B /* test_filter.png */; };
		57ED24181F271C5E00F0095B /* test_thumb.png in Resources */ = {isa = PBXBuildFile; fileRef = 57ED24151F271C4400F0095B /* test_thumb.png */; };
/* End PBXBuildFile section */

/* Begin PBXFileReference section */
		5713C9821F0E383200CA2EE5 /* FilterDemo.app */ = {isa = PBXFileReference; explicitFileType = wrapper.application; includeInIndex = 0; path = FilterDemo.app; sourceTree = BUILT_PRODUCTS_DIR; };
		5713C9851F0E383200CA2EE5 /* AppDelegate.h */ = {isa = PBXFileReference; lastKnownFileType = sourcecode.c.h; path = AppDelegate.h; sourceTree = "<group>"; };
		5713C9861F0E383200CA2EE5 /* AppDelegate.m */ = {isa = PBXFileReference; lastKnownFileType = sourcecode.c.objc; path = AppDelegate.m; sourceTree = "<group>"; };
		5713C9881F0E383200CA2EE5 /* ViewController.h */ = {isa = PBXFileReference; lastKnownFileType = sourcecode.c.h; path = ViewController.h; sourceTree = "<group>"; };
		5713C9891F0E383200CA2EE5 /* ViewController.m */ = {isa = PBXFileReference; lastKnownFileType = sourcecode.c.objc; path = ViewController.m; sourceTree = "<group>"; };
		5713C98E1F0E383200CA2EE5 /* Assets.xcassets */ = {isa = PBXFileReference; lastKnownFileType = folder.assetcatalog; path = Assets.xcassets; sourceTree = "<group>"; };
		5713C9911F0E383200CA2EE5 /* Base */ = {isa = PBXFileReference; lastKnownFileType = file.storyboard; name = Base; path = Base.lproj/LaunchScreen.storyboard; sourceTree = "<group>"; };
		5713C9931F0E383200CA2EE5 /* Info.plist */ = {isa = PBXFileReference; lastKnownFileType = text.plist.xml; path = Info.plist; sourceTree = "<group>"; };
		5713C9941F0E383200CA2EE5 /* main.m */ = {isa = PBXFileReference; lastKnownFileType = sourcecode.c.objc; path = main.m; sourceTree = "<group>"; };
		5713CA251F0E516A00CA2EE5 /* FilterViewController.h */ = {isa = PBXFileReference; lastKnownFileType = sourcecode.c.h; path = FilterViewController.h; sourceTree = "<group>"; };
		5713CA261F0E516A00CA2EE5 /* FilterViewController.m */ = {isa = PBXFileReference; lastKnownFileType = sourcecode.c.objc; path = FilterViewController.m; sourceTree = "<group>"; };
		5713CA291F0F1F5500CA2EE5 /* OpenGLES.framework */ = {isa = PBXFileReference; lastKnownFileType = wrapper.framework; name = OpenGLES.framework; path = System/Library/Frameworks/OpenGLES.framework; sourceTree = SDKROOT; };
		5713CA2A1F0F1F7500CA2EE5 /* CoreGraphics.framework */ = {isa = PBXFileReference; lastKnownFileType = wrapper.framework; name = CoreGraphics.framework; path = System/Library/Frameworks/CoreGraphics.framework; sourceTree = SDKROOT; };
		5713CA2B1F0F1FB000CA2EE5 /* UIKit.framework */ = {isa = PBXFileReference; lastKnownFileType = wrapper.framework; name = UIKit.framework; path = System/Library/Frameworks/UIKit.framework; sourceTree = SDKROOT; };
		5713CA2C1F0F28CF00CA2EE5 /* GlobalDefs.h */ = {isa = PBXFileReference; lastKnownFileType = sourcecode.c.h; path = GlobalDefs.h; sourceTree = "<group>"; };
		5713CA2D1F0F5C3400CA2EE5 /* FilterCell.h */ = {isa = PBXFileReference; lastKnownFileType = sourcecode.c.h; path = FilterCell.h; sourceTree = "<group>"; };
		5713CA2E1F0F5C3400CA2EE5 /* FilterCell.m */ = {isa = PBXFileReference; lastKnownFileType = sourcecode.c.objc; path = FilterCell.m; sourceTree = "<group>"; };
		572A0A161F2201F600F7AC4A /* 1960s_filter.png */ = {isa = PBXFileReference; lastKnownFileType = image.png; path = 1960s_filter.png; sourceTree = "<group>"; };
		572A0A171F2201F600F7AC4A /* 1960s_thumb.png */ = {isa = PBXFileReference; lastKnownFileType = image.png; path = 1960s_thumb.png; sourceTree = "<group>"; };
		572A0A181F2201F600F7AC4A /* camomile_filter.png */ = {isa = PBXFileReference; lastKnownFileType = image.png; path = camomile_filter.png; sourceTree = "<group>"; };
		572A0A191F2201F600F7AC4A /* camomile_thumb.png */ = {isa = PBXFileReference; lastKnownFileType = image.png; path = camomile_thumb.png; sourceTree = "<group>"; };
		572A0A1A1F2201F600F7AC4A /* candy_filter.png */ = {isa = PBXFileReference; lastKnownFileType = image.png; path = candy_filter.png; sourceTree = "<group>"; };
		572A0A1B1F2201F600F7AC4A /* candy_thumb.png */ = {isa = PBXFileReference; lastKnownFileType = image.png; path = candy_thumb.png; sourceTree = "<group>"; };
		572A0A1C1F2201F600F7AC4A /* cold_filter.png */ = {isa = PBXFileReference; lastKnownFileType = image.png; path = cold_filter.png; sourceTree = "<group>"; };
		572A0A1D1F2201F600F7AC4A /* cold_thumb.png */ = {isa = PBXFileReference; lastKnownFileType = image.png; path = cold_thumb.png; sourceTree = "<group>"; };
		572A0A1E1F2201F600F7AC4A /* dark_filter.png */ = {isa = PBXFileReference; lastKnownFileType = image.png; path = dark_filter.png; sourceTree = "<group>"; };
		572A0A1F1F2201F600F7AC4A /* dark_thumb.png */ = {isa = PBXFileReference; lastKnownFileType = image.png; path = dark_thumb.png; sourceTree = "<group>"; };
		572A0A201F2201F600F7AC4A /* dreamy_filter.png */ = {isa = PBXFileReference; lastKnownFileType = image.png; path = dreamy_filter.png; sourceTree = "<group>"; };
		572A0A211F2201F600F7AC4A /* dreamy_thumb.png */ = {isa = PBXFileReference; lastKnownFileType = image.png; path = dreamy_thumb.png; sourceTree = "<group>"; };
		572A0A221F2201F600F7AC4A /* elegance_filter.png */ = {isa = PBXFileReference; lastKnownFileType = image.png; path = elegance_filter.png; sourceTree = "<group>"; };
		572A0A231F2201F600F7AC4A /* elegance_thumb.png */ = {isa = PBXFileReference; lastKnownFileType = image.png; path = elegance_thumb.png; sourceTree = "<group>"; };
		572A0A241F2201F600F7AC4A /* frog_filter.png */ = {isa = PBXFileReference; lastKnownFileType = image.png; path = frog_filter.png; sourceTree = "<group>"; };
		572A0A251F2201F600F7AC4A /* frog_thumb.png */ = {isa = PBXFileReference; lastKnownFileType = image.png; path = frog_thumb.png; sourceTree = "<group>"; };
		572A0A261F2201F600F7AC4A /* funky_filter.png */ = {isa = PBXFileReference; lastKnownFileType = image.png; path = funky_filter.png; sourceTree = "<group>"; };
		572A0A271F2201F600F7AC4A /* funky_thumb.png */ = {isa = PBXFileReference; lastKnownFileType = image.png; path = funky_thumb.png; sourceTree = "<group>"; };
		572A0A281F2201F600F7AC4A /* good_filter.png */ = {isa = PBXFileReference; lastKnownFileType = image.png; path = good_filter.png; sourceTree = "<group>"; };
		572A0A291F2201F600F7AC4A /* good_thumb.png */ = {isa = PBXFileReference; lastKnownFileType = image.png; path = good_thumb.png; sourceTree = "<group>"; };
		572A0A2A1F2201F600F7AC4A /* gray_filter.png */ = {isa = PBXFileReference; lastKnownFileType = image.png; path = gray_filter.png; sourceTree = "<group>"; };
		572A0A2B1F2201F600F7AC4A /* gray_thumb.png */ = {isa = PBXFileReference; lastKnownFileType = image.png; path = gray_thumb.png; sourceTree = "<group>"; };
		572A0A2C1F2201F600F7AC4A /* habana_filter.png */ = {isa = PBXFileReference; lastKnownFileType = image.png; path = habana_filter.png; sourceTree = "<group>"; };
		572A0A2D1F2201F600F7AC4A /* habana_thumb.png */ = {isa = PBXFileReference; lastKnownFileType = image.png; path = habana_thumb.png; sourceTree = "<group>"; };
		572A0A2E1F2201F600F7AC4A /* happy_filter.png */ = {isa = PBXFileReference; lastKnownFileType = image.png; path = happy_filter.png; sourceTree = "<group>"; };
		572A0A2F1F2201F600F7AC4A /* happy_thumb.png */ = {isa = PBXFileReference; lastKnownFileType = image.png; path = happy_thumb.png; sourceTree = "<group>"; };
		572A0A301F2201F600F7AC4A /* harvest_filter.png */ = {isa = PBXFileReference; lastKnownFileType = image.png; path = harvest_filter.png; sourceTree = "<group>"; };
		572A0A311F2201F600F7AC4A /* harvest_thumb.png */ = {isa = PBXFileReference; lastKnownFileType = image.png; path = harvest_thumb.png; sourceTree = "<group>"; };
		572A0A321F2201F600F7AC4A /* kc_filter.png */ = {isa = PBXFileReference; lastKnownFileType = image.png; path = kc_filter.png; sourceTree = "<group>"; };
		572A0A331F2201F600F7AC4A /* kc_thumb.png */ = {isa = PBXFileReference; lastKnownFileType = image.png; path = kc_thumb.png; sourceTree = "<group>"; };
		572A0A341F2201F600F7AC4A /* lyon_filter.png */ = {isa = PBXFileReference; lastKnownFileType = image.png; path = lyon_filter.png; sourceTree = "<group>"; };
		572A0A351F2201F600F7AC4A /* lyon_thumb.png */ = {isa = PBXFileReference; lastKnownFileType = image.png; path = lyon_thumb.png; sourceTree = "<group>"; };
		572A0A361F2201F600F7AC4A /* lzp_filter.png */ = {isa = PBXFileReference; lastKnownFileType = image.png; path = lzp_filter.png; sourceTree = "<group>"; };
		572A0A371F2201F600F7AC4A /* lzp_thumb.png */ = {isa = PBXFileReference; lastKnownFileType = image.png; path = lzp_thumb.png; sourceTree = "<group>"; };
		572A0A381F2201F600F7AC4A /* miss_filter.png */ = {isa = PBXFileReference; lastKnownFileType = image.png; path = miss_filter.png; sourceTree = "<group>"; };
		572A0A391F2201F600F7AC4A /* miss_thumb.png */ = {isa = PBXFileReference; lastKnownFileType = image.png; path = miss_thumb.png; sourceTree = "<group>"; };
		572A0A3A1F2201F600F7AC4A /* misty_filter.png */ = {isa = PBXFileReference; lastKnownFileType = image.png; path = misty_filter.png; sourceTree = "<group>"; };
		572A0A3B1F2201F600F7AC4A /* misty_thumb.png */ = {isa = PBXFileReference; lastKnownFileType = image.png; path = misty_thumb.png; sourceTree = "<group>"; };
		572A0A3C1F2201F600F7AC4A /* normal_filter.png */ = {isa = PBXFileReference; lastKnownFileType = image.png; path = normal_filter.png; sourceTree = "<group>"; };
		572A0A3D1F2201F600F7AC4A /* normal_thumb.png */ = {isa = PBXFileReference; lastKnownFileType = image.png; path = normal_thumb.png; sourceTree = "<group>"; };
		572A0A3E1F2201F600F7AC4A /* pailide_filter.png */ = {isa = PBXFileReference; lastKnownFileType = image.png; path = pailide_filter.png; sourceTree = "<group>"; };
		572A0A3F1F2201F600F7AC4A /* pailide_thumb.png */ = {isa = PBXFileReference; lastKnownFileType = image.png; path = pailide_thumb.png; sourceTree = "<group>"; };
		572A0A401F2201F600F7AC4A /* pink_filter.png */ = {isa = PBXFileReference; lastKnownFileType = image.png; path = pink_filter.png; sourceTree = "<group>"; };
		572A0A411F2201F600F7AC4A /* pink_thumb.png */ = {isa = PBXFileReference; lastKnownFileType = image.png; path = pink_thumb.png; sourceTree = "<group>"; };
		572A0A421F2201F600F7AC4A /* pld_filter.png */ = {isa = PBXFileReference; lastKnownFileType = image.png; path = pld_filter.png; sourceTree = "<group>"; };
		572A0A431F2201F600F7AC4A /* pld_thumb.png */ = {isa = PBXFileReference; lastKnownFileType = image.png; path = pld_thumb.png; sourceTree = "<group>"; };
		572A0A441F2201F600F7AC4A /* plsfilters.json */ = {isa = PBXFileReference; lastKnownFileType = text.json; path = plsfilters.json; sourceTree = "<group>"; };
		572A0A451F2201F600F7AC4A /* print_filter.png */ = {isa = PBXFileReference; lastKnownFileType = image.png; path = print_filter.png; sourceTree = "<group>"; };
		572A0A461F2201F600F7AC4A /* print_thumb.png */ = {isa = PBXFileReference; lastKnownFileType = image.png; path = print_thumb.png; sourceTree = "<group>"; };
		572A0A471F2201F600F7AC4A /* purple_filter.png */ = {isa = PBXFileReference; lastKnownFileType = image.png; path = purple_filter.png; sourceTree = "<group>"; };
		572A0A481F2201F600F7AC4A /* purple_thumb.png */ = {isa = PBXFileReference; lastKnownFileType = image.png; path = purple_thumb.png; sourceTree = "<group>"; };
		572A0A491F2201F600F7AC4A /* railway_filter.png */ = {isa = PBXFileReference; lastKnownFileType = image.png; path = railway_filter.png; sourceTree = "<group>"; };
		572A0A4A1F2201F600F7AC4A /* railway_thumb.png */ = {isa = PBXFileReference; lastKnownFileType = image.png; path = railway_thumb.png; sourceTree = "<group>"; };
		572A0A4B1F2201F600F7AC4A /* red_filter.png */ = {isa = PBXFileReference; lastKnownFileType = image.png; path = red_filter.png; sourceTree = "<group>"; };
		572A0A4C1F2201F600F7AC4A /* red_thumb.png */ = {isa = PBXFileReference; lastKnownFileType = image.png; path = red_thumb.png; sourceTree = "<group>"; };
		572A0A4D1F2201F600F7AC4A /* retro_filter.png */ = {isa = PBXFileReference; lastKnownFileType = image.png; path = retro_filter.png; sourceTree = "<group>"; };
		572A0A4E1F2201F600F7AC4A /* retro_thumb.png */ = {isa = PBXFileReference; lastKnownFileType = image.png; path = retro_thumb.png; sourceTree = "<group>"; };
		572A0A4F1F2201F600F7AC4A /* sunny_filter.png */ = {isa = PBXFileReference; lastKnownFileType = image.png; path = sunny_filter.png; sourceTree = "<group>"; };
		572A0A501F2201F600F7AC4A /* sunny_thumb.png */ = {isa = PBXFileReference; lastKnownFileType = image.png; path = sunny_thumb.png; sourceTree = "<group>"; };
		572A0A511F2201F600F7AC4A /* tasty_filter.png */ = {isa = PBXFileReference; lastKnownFileType = image.png; path = tasty_filter.png; sourceTree = "<group>"; };
		572A0A521F2201F600F7AC4A /* tasty_thumb.png */ = {isa = PBXFileReference; lastKnownFileType = image.png; path = tasty_thumb.png; sourceTree = "<group>"; };
		572A0A531F2201F600F7AC4A /* turkish_filter.png */ = {isa = PBXFileReference; lastKnownFileType = image.png; path = turkish_filter.png; sourceTree = "<group>"; };
		572A0A541F2201F600F7AC4A /* turkish_thumb.png */ = {isa = PBXFileReference; lastKnownFileType = image.png; path = turkish_thumb.png; sourceTree = "<group>"; };
		572A0A551F2201F600F7AC4A /* waltz_filter.png */ = {isa = PBXFileReference; lastKnownFileType = image.png; path = waltz_filter.png; sourceTree = "<group>"; };
		572A0A561F2201F600F7AC4A /* waltz_thumb.png */ = {isa = PBXFileReference; lastKnownFileType = image.png; path = waltz_thumb.png; sourceTree = "<group>"; };
		572A0A571F2201F600F7AC4A /* west_filter.png */ = {isa = PBXFileReference; lastKnownFileType = image.png; path = west_filter.png; sourceTree = "<group>"; };
		572A0A581F2201F600F7AC4A /* west_thumb.png */ = {isa = PBXFileReference; lastKnownFileType = image.png; path = west_thumb.png; sourceTree = "<group>"; };
		5731D54C1F137639004B5056 /* CIFilter+ColorLUT.m */ = {isa = PBXFileReference; lastKnownFileType = sourcecode.c.objc; path = "CIFilter+ColorLUT.m"; sourceTree = "<group>"; };
		5731D54D1F137639004B5056 /* CIFilter+ColorLUT.h */ = {isa = PBXFileReference; lastKnownFileType = sourcecode.c.h; path = "CIFilter+ColorLUT.h"; sourceTree = "<group>"; };
		5731D54F1F14A0A8004B5056 /* FilterCollectionViewController.h */ = {isa = PBXFileReference; lastKnownFileType = sourcecode.c.h; path = FilterCollectionViewController.h; sourceTree = "<group>"; };
		5731D5501F14A0A8004B5056 /* FilterCollectionViewController.m */ = {isa = PBXFileReference; lastKnownFileType = sourcecode.c.objc; path = FilterCollectionViewController.m; sourceTree = "<group>"; };
		57ED24151F271C4400F0095B /* test_thumb.png */ = {isa = PBXFileReference; lastKnownFileType = image.png; path = test_thumb.png; sourceTree = "<group>"; };
		57ED24161F271C4400F0095B /* test_filter.png */ = {isa = PBXFileReference; lastKnownFileType = image.png; path = test_filter.png; sourceTree = "<group>"; };
/* End PBXFileReference section */

/* Begin PBXFrameworksBuildPhase section */
		5713C97F1F0E383200CA2EE5 /* Frameworks */ = {
			isa = PBXFrameworksBuildPhase;
			buildActionMask = 2147483647;
			files = (
			);
			runOnlyForDeploymentPostprocessing = 0;
		};
/* End PBXFrameworksBuildPhase section */

/* Begin PBXGroup section */
		5713C9791F0E383200CA2EE5 = {
			isa = PBXGroup;
			children = (
				5713C9841F0E383200CA2EE5 /* FilterDemo */,
				5713C9831F0E383200CA2EE5 /* Products */,
				5713CA281F0F1F5500CA2EE5 /* Frameworks */,
			);
			sourceTree = "<group>";
		};
		5713C9831F0E383200CA2EE5 /* Products */ = {
			isa = PBXGroup;
			children = (
				5713C9821F0E383200CA2EE5 /* FilterDemo.app */,
			);
			name = Products;
			sourceTree = "<group>";
		};
		5713C9841F0E383200CA2EE5 /* FilterDemo */ = {
			isa = PBXGroup;
			children = (
				57ED24161F271C4400F0095B /* test_filter.png */,
				57ED24151F271C4400F0095B /* test_thumb.png */,
				572A0A151F2201F600F7AC4A /* colorFilter */,
				5731D54D1F137639004B5056 /* CIFilter+ColorLUT.h */,
				5731D54C1F137639004B5056 /* CIFilter+ColorLUT.m */,
				5713CA251F0E516A00CA2EE5 /* FilterViewController.h */,
				5713CA261F0E516A00CA2EE5 /* FilterViewController.m */,
				5713CA2D1F0F5C3400CA2EE5 /* FilterCell.h */,
				5713CA2E1F0F5C3400CA2EE5 /* FilterCell.m */,
				5713C9851F0E383200CA2EE5 /* AppDelegate.h */,
				5713C9861F0E383200CA2EE5 /* AppDelegate.m */,
				5713C9881F0E383200CA2EE5 /* ViewController.h */,
				5713C9891F0E383200CA2EE5 /* ViewController.m */,
				5731D54F1F14A0A8004B5056 /* FilterCollectionViewController.h */,
				5731D5501F14A0A8004B5056 /* FilterCollectionViewController.m */,
				5713C98E1F0E383200CA2EE5 /* Assets.xcassets */,
				5713C9901F0E383200CA2EE5 /* LaunchScreen.storyboard */,
				5713C9931F0E383200CA2EE5 /* Info.plist */,
				5713C9941F0E383200CA2EE5 /* main.m */,
				5713CA2C1F0F28CF00CA2EE5 /* GlobalDefs.h */,
			);
			path = FilterDemo;
			sourceTree = "<group>";
		};
		5713CA281F0F1F5500CA2EE5 /* Frameworks */ = {
			isa = PBXGroup;
			children = (
				5713CA2B1F0F1FB000CA2EE5 /* UIKit.framework */,
				5713CA2A1F0F1F7500CA2EE5 /* CoreGraphics.framework */,
				5713CA291F0F1F5500CA2EE5 /* OpenGLES.framework */,
			);
			name = Frameworks;
			sourceTree = "<group>";
		};
		572A0A151F2201F600F7AC4A /* colorFilter */ = {
			isa = PBXGroup;
			children = (
				572A0A161F2201F600F7AC4A /* 1960s_filter.png */,
				572A0A171F2201F600F7AC4A /* 1960s_thumb.png */,
				572A0A181F2201F600F7AC4A /* camomile_filter.png */,
				572A0A191F2201F600F7AC4A /* camomile_thumb.png */,
				572A0A1A1F2201F600F7AC4A /* candy_filter.png */,
				572A0A1B1F2201F600F7AC4A /* candy_thumb.png */,
				572A0A1C1F2201F600F7AC4A /* cold_filter.png */,
				572A0A1D1F2201F600F7AC4A /* cold_thumb.png */,
				572A0A1E1F2201F600F7AC4A /* dark_filter.png */,
				572A0A1F1F2201F600F7AC4A /* dark_thumb.png */,
				572A0A201F2201F600F7AC4A /* dreamy_filter.png */,
				572A0A211F2201F600F7AC4A /* dreamy_thumb.png */,
				572A0A221F2201F600F7AC4A /* elegance_filter.png */,
				572A0A231F2201F600F7AC4A /* elegance_thumb.png */,
				572A0A241F2201F600F7AC4A /* frog_filter.png */,
				572A0A251F2201F600F7AC4A /* frog_thumb.png */,
				572A0A261F2201F600F7AC4A /* funky_filter.png */,
				572A0A271F2201F600F7AC4A /* funky_thumb.png */,
				572A0A281F2201F600F7AC4A /* good_filter.png */,
				572A0A291F2201F600F7AC4A /* good_thumb.png */,
				572A0A2A1F2201F600F7AC4A /* gray_filter.png */,
				572A0A2B1F2201F600F7AC4A /* gray_thumb.png */,
				572A0A2C1F2201F600F7AC4A /* habana_filter.png */,
				572A0A2D1F2201F600F7AC4A /* habana_thumb.png */,
				572A0A2E1F2201F600F7AC4A /* happy_filter.png */,
				572A0A2F1F2201F600F7AC4A /* happy_thumb.png */,
				572A0A301F2201F600F7AC4A /* harvest_filter.png */,
				572A0A311F2201F600F7AC4A /* harvest_thumb.png */,
				572A0A321F2201F600F7AC4A /* kc_filter.png */,
				572A0A331F2201F600F7AC4A /* kc_thumb.png */,
				572A0A341F2201F600F7AC4A /* lyon_filter.png */,
				572A0A351F2201F600F7AC4A /* lyon_thumb.png */,
				572A0A361F2201F600F7AC4A /* lzp_filter.png */,
				572A0A371F2201F600F7AC4A /* lzp_thumb.png */,
				572A0A381F2201F600F7AC4A /* miss_filter.png */,
				572A0A391F2201F600F7AC4A /* miss_thumb.png */,
				572A0A3A1F2201F600F7AC4A /* misty_filter.png */,
				572A0A3B1F2201F600F7AC4A /* misty_thumb.png */,
				572A0A3C1F2201F600F7AC4A /* normal_filter.png */,
				572A0A3D1F2201F600F7AC4A /* normal_thumb.png */,
				572A0A3E1F2201F600F7AC4A /* pailide_filter.png */,
				572A0A3F1F2201F600F7AC4A /* pailide_thumb.png */,
				572A0A401F2201F600F7AC4A /* pink_filter.png */,
				572A0A411F2201F600F7AC4A /* pink_thumb.png */,
				572A0A421F2201F600F7AC4A /* pld_filter.png */,
				572A0A431F2201F600F7AC4A /* pld_thumb.png */,
				572A0A441F2201F600F7AC4A /* plsfilters.json */,
				572A0A451F2201F600F7AC4A /* print_filter.png */,
				572A0A461F2201F600F7AC4A /* print_thumb.png */,
				572A0A471F2201F600F7AC4A /* purple_filter.png */,
				572A0A481F2201F600F7AC4A /* purple_thumb.png */,
				572A0A491F2201F600F7AC4A /* railway_filter.png */,
				572A0A4A1F2201F600F7AC4A /* railway_thumb.png */,
				572A0A4B1F2201F600F7AC4A /* red_filter.png */,
				572A0A4C1F2201F600F7AC4A /* red_thumb.png */,
				572A0A4D1F2201F600F7AC4A /* retro_filter.png */,
				572A0A4E1F2201F600F7AC4A /* retro_thumb.png */,
				572A0A4F1F2201F600F7AC4A /* sunny_filter.png */,
				572A0A501F2201F600F7AC4A /* sunny_thumb.png */,
				572A0A511F2201F600F7AC4A /* tasty_filter.png */,
				572A0A521F2201F600F7AC4A /* tasty_thumb.png */,
				572A0A531F2201F600F7AC4A /* turkish_filter.png */,
				572A0A541F2201F600F7AC4A /* turkish_thumb.png */,
				572A0A551F2201F600F7AC4A /* waltz_filter.png */,
				572A0A561F2201F600F7AC4A /* waltz_thumb.png */,
				572A0A571F2201F600F7AC4A /* west_filter.png */,
				572A0A581F2201F600F7AC4A /* west_thumb.png */,
			);
			path = colorFilter;
			sourceTree = "<group>";
		};
/* End PBXGroup section */

/* Begin PBXNativeTarget section */
		5713C9811F0E383200CA2EE5 /* FilterDemo */ = {
			isa = PBXNativeTarget;
			buildConfigurationList = 5713C9981F0E383200CA2EE5 /* Build configuration list for PBXNativeTarget "FilterDemo" */;
			buildPhases = (
				5713C97E1F0E383200CA2EE5 /* Sources */,
				5713C97F1F0E383200CA2EE5 /* Frameworks */,
				5713C9801F0E383200CA2EE5 /* Resources */,
			);
			buildRules = (
			);
			dependencies = (
			);
			name = FilterDemo;
			productName = FilterDemo;
			productReference = 5713C9821F0E383200CA2EE5 /* FilterDemo.app */;
			productType = "com.apple.product-type.application";
		};
/* End PBXNativeTarget section */

/* Begin PBXProject section */
		5713C97A1F0E383200CA2EE5 /* Project object */ = {
			isa = PBXProject;
			attributes = {
				LastUpgradeCheck = 0900;
				ORGANIZATIONNAME = iosdevlope;
				TargetAttributes = {
					5713C9811F0E383200CA2EE5 = {
						CreatedOnToolsVersion = 9.0;
					};
				};
			};
			buildConfigurationList = 5713C97D1F0E383200CA2EE5 /* Build configuration list for PBXProject "FilterDemo" */;
			compatibilityVersion = "Xcode 8.0";
			developmentRegion = en;
			hasScannedForEncodings = 0;
			knownRegions = (
				en,
				Base,
			);
			mainGroup = 5713C9791F0E383200CA2EE5;
			productRefGroup = 5713C9831F0E383200CA2EE5 /* Products */;
			projectDirPath = "";
			projectRoot = "";
			targets = (
				5713C9811F0E383200CA2EE5 /* FilterDemo */,
			);
		};
/* End PBXProject section */

/* Begin PBXResourcesBuildPhase section */
		5713C9801F0E383200CA2EE5 /* Resources */ = {
			isa = PBXResourcesBuildPhase;
			buildActionMask = 2147483647;
			files = (
				57ED24171F271C5E00F0095B /* test_filter.png in Resources */,
				57ED24181F271C5E00F0095B /* test_thumb.png in Resources */,
				572A0A591F22020D00F7AC4A /* 1960s_filter.png in Resources */,
				572A0A5A1F22020D00F7AC4A /* 1960s_thumb.png in Resources */,
				572A0A5B1F22020D00F7AC4A /* camomile_filter.png in Resources */,
				572A0A5C1F22020D00F7AC4A /* camomile_thumb.png in Resources */,
				572A0A5D1F22020D00F7AC4A /* candy_filter.png in Resources */,
				572A0A5E1F22020D00F7AC4A /* candy_thumb.png in Resources */,
				572A0A5F1F22020D00F7AC4A /* cold_filter.png in Resources */,
				572A0A601F22020D00F7AC4A /* cold_thumb.png in Resources */,
				572A0A611F22020D00F7AC4A /* dark_filter.png in Resources */,
				572A0A621F22020D00F7AC4A /* dark_thumb.png in Resources */,
				572A0A631F22020D00F7AC4A /* dreamy_filter.png in Resources */,
				572A0A641F22020D00F7AC4A /* dreamy_thumb.png in Resources */,
				572A0A651F22020D00F7AC4A /* elegance_filter.png in Resources */,
				572A0A661F22020D00F7AC4A /* elegance_thumb.png in Resources */,
				572A0A671F22020D00F7AC4A /* frog_filter.png in Resources */,
				572A0A681F22020D00F7AC4A /* frog_thumb.png in Resources */,
				572A0A691F22020D00F7AC4A /* funky_filter.png in Resources */,
				572A0A6A1F22020D00F7AC4A /* funky_thumb.png in Resources */,
				572A0A6B1F22020D00F7AC4A /* good_filter.png in Resources */,
				572A0A6C1F22020D00F7AC4A /* good_thumb.png in Resources */,
				572A0A6D1F22020D00F7AC4A /* gray_filter.png in Resources */,
				572A0A6E1F22020D00F7AC4A /* gray_thumb.png in Resources */,
				572A0A6F1F22020D00F7AC4A /* habana_filter.png in Resources */,
				572A0A701F22020D00F7AC4A /* habana_thumb.png in Resources */,
				572A0A711F22020D00F7AC4A /* happy_filter.png in Resources */,
				572A0A721F22020D00F7AC4A /* happy_thumb.png in Resources */,
				572A0A731F22020D00F7AC4A /* harvest_filter.png in Resources */,
				572A0A741F22020D00F7AC4A /* harvest_thumb.png in Resources */,
				572A0A751F22020D00F7AC4A /* kc_filter.png in Resources */,
				572A0A761F22020D00F7AC4A /* kc_thumb.png in Resources */,
				572A0A771F22020D00F7AC4A /* lyon_filter.png in Resources */,
				572A0A781F22020D00F7AC4A /* lyon_thumb.png in Resources */,
				572A0A791F22020D00F7AC4A /* lzp_filter.png in Resources */,
				572A0A7A1F22020D00F7AC4A /* lzp_thumb.png in Resources */,
				572A0A7B1F22020D00F7AC4A /* miss_filter.png in Resources */,
				572A0A7C1F22020D00F7AC4A /* miss_thumb.png in Resources */,
				572A0A7D1F22020D00F7AC4A /* misty_filter.png in Resources */,
				572A0A7E1F22020D00F7AC4A /* misty_thumb.png in Resources */,
				572A0A7F1F22020D00F7AC4A /* normal_filter.png in Resources */,
				572A0A801F22020D00F7AC4A /* normal_thumb.png in Resources */,
				572A0A811F22020D00F7AC4A /* pailide_filter.png in Resources */,
				572A0A821F22020D00F7AC4A /* pailide_thumb.png in Resources */,
				572A0A831F22020D00F7AC4A /* pink_filter.png in Resources */,
				572A0A841F22020D00F7AC4A /* pink_thumb.png in Resources */,
				572A0A851F22020D00F7AC4A /* pld_filter.png in Resources */,
				572A0A861F22020D00F7AC4A /* pld_thumb.png in Resources */,
				572A0A871F22020D00F7AC4A /* plsfilters.json in Resources */,
				572A0A881F22020D00F7AC4A /* print_filter.png in Resources */,
				572A0A891F22020D00F7AC4A /* print_thumb.png in Resources */,
				572A0A8A1F22020D00F7AC4A /* purple_filter.png in Resources */,
				572A0A8B1F22020D00F7AC4A /* purple_thumb.png in Resources */,
				572A0A8C1F22020D00F7AC4A /* railway_filter.png in Resources */,
				572A0A8D1F22020D00F7AC4A /* railway_thumb.png in Resources */,
				572A0A8E1F22020D00F7AC4A /* red_filter.png in Resources */,
				572A0A8F1F22020D00F7AC4A /* red_thumb.png in Resources */,
				572A0A901F22020D00F7AC4A /* retro_filter.png in Resources */,
				572A0A911F22020D00F7AC4A /* retro_thumb.png in Resources */,
				572A0A921F22020D00F7AC4A /* sunny_filter.png in Resources */,
				572A0A931F22020D00F7AC4A /* sunny_thumb.png in Resources */,
				572A0A941F22020D00F7AC4A /* tasty_filter.png in Resources */,
				572A0A951F22020D00F7AC4A /* tasty_thumb.png in Resources */,
				572A0A961F22020D00F7AC4A /* turkish_filter.png in Resources */,
				572A0A971F22020D00F7AC4A /* turkish_thumb.png in Resources */,
				572A0A981F22020D00F7AC4A /* waltz_filter.png in Resources */,
				572A0A991F22020D00F7AC4A /* waltz_thumb.png in Resources */,
				572A0A9A1F22020D00F7AC4A /* west_filter.png in Resources */,
				572A0A9B1F22020D00F7AC4A /* west_thumb.png in Resources */,
				5713C9921F0E383200CA2EE5 /* LaunchScreen.storyboard in Resources */,
				5713C98F1F0E383200CA2EE5 /* Assets.xcassets in Resources */,
			);
			runOnlyForDeploymentPostprocessing = 0;
		};
/* End PBXResourcesBuildPhase section */

/* Begin PBXSourcesBuildPhase section */
		5713C97E1F0E383200CA2EE5 /* Sources */ = {
			isa = PBXSourcesBuildPhase;
			buildActionMask = 2147483647;
			files = (
				5731D5511F14A0A8004B5056 /* FilterCollectionViewController.m in Sources */,
				5731D54E1F138AE3004B5056 /* CIFilter+ColorLUT.m in Sources */,
				5713C98A1F0E383200CA2EE5 /* ViewController.m in Sources */,
				5713CA2F1F0F5C3400CA2EE5 /* FilterCell.m in Sources */,
				5713C9951F0E383200CA2EE5 /* main.m in Sources */,
				5713CA271F0E516A00CA2EE5 /* FilterViewController.m in Sources */,
				5713C9871F0E383200CA2EE5 /* AppDelegate.m in Sources */,
			);
			runOnlyForDeploymentPostprocessing = 0;
		};
/* End PBXSourcesBuildPhase section */

/* Begin PBXVariantGroup section */
		5713C9901F0E383200CA2EE5 /* LaunchScreen.storyboard */ = {
			isa = PBXVariantGroup;
			children = (
				5713C9911F0E383200CA2EE5 /* Base */,
			);
			name = LaunchScreen.storyboard;
			sourceTree = "<group>";
		};
/* End PBXVariantGroup section */

/* Begin XCBuildConfiguration section */
		5713C9961F0E383200CA2EE5 /* Debug */ = {
			isa = XCBuildConfiguration;
			buildSettings = {
				ALWAYS_SEARCH_USER_PATHS = NO;
				CLANG_ANALYZER_NONNULL = YES;
				CLANG_ANALYZER_NUMBER_OBJECT_CONVERSION = YES_AGGRESSIVE;
				CLANG_CXX_LANGUAGE_STANDARD = "gnu++14";
				CLANG_CXX_LIBRARY = "libc++";
				CLANG_ENABLE_MODULES = YES;
				CLANG_ENABLE_OBJC_ARC = YES;
				CLANG_WARN_BLOCK_CAPTURE_AUTORELEASING = YES;
				CLANG_WARN_BOOL_CONVERSION = YES;
				CLANG_WARN_COMMA = YES;
				CLANG_WARN_CONSTANT_CONVERSION = YES;
				CLANG_WARN_DIRECT_OBJC_ISA_USAGE = YES_ERROR;
				CLANG_WARN_DOCUMENTATION_COMMENTS = YES;
				CLANG_WARN_EMPTY_BODY = YES;
				CLANG_WARN_ENUM_CONVERSION = YES;
				CLANG_WARN_INFINITE_RECURSION = YES;
				CLANG_WARN_INT_CONVERSION = YES;
				CLANG_WARN_OBJC_ROOT_CLASS = YES_ERROR;
				CLANG_WARN_RANGE_LOOP_ANALYSIS = YES;
				CLANG_WARN_STRICT_PROTOTYPES = YES;
				CLANG_WARN_SUSPICIOUS_MOVE = YES;
				CLANG_WARN_UNGUARDED_AVAILABILITY = YES_AGGRESSIVE;
				CLANG_WARN_UNREACHABLE_CODE = YES;
				CLANG_WARN__DUPLICATE_METHOD_MATCH = YES;
				CODE_SIGN_IDENTITY = "iPhone Developer";
				COPY_PHASE_STRIP = NO;
				DEBUG_INFORMATION_FORMAT = dwarf;
				ENABLE_STRICT_OBJC_MSGSEND = YES;
				ENABLE_TESTABILITY = YES;
				GCC_C_LANGUAGE_STANDARD = gnu11;
				GCC_DYNAMIC_NO_PIC = NO;
				GCC_NO_COMMON_BLOCKS = YES;
				GCC_OPTIMIZATION_LEVEL = 0;
				GCC_PREPROCESSOR_DEFINITIONS = (
					"DEBUG=1",
					"$(inherited)",
				);
				GCC_WARN_64_TO_32_BIT_CONVERSION = YES;
				GCC_WARN_ABOUT_RETURN_TYPE = YES_ERROR;
				GCC_WARN_UNDECLARED_SELECTOR = YES;
				GCC_WARN_UNINITIALIZED_AUTOS = YES_AGGRESSIVE;
				GCC_WARN_UNUSED_FUNCTION = YES;
				GCC_WARN_UNUSED_VARIABLE = YES;
				IPHONEOS_DEPLOYMENT_TARGET = 11.0;
				MTL_ENABLE_DEBUG_INFO = YES;
				ONLY_ACTIVE_ARCH = YES;
				SDKROOT = iphoneos;
			};
			name = Debug;
		};
		5713C9971F0E383200CA2EE5 /* Release */ = {
			isa = XCBuildConfiguration;
			buildSettings = {
				ALWAYS_SEARCH_USER_PATHS = NO;
				CLANG_ANALYZER_NONNULL = YES;
				CLANG_ANALYZER_NUMBER_OBJECT_CONVERSION = YES_AGGRESSIVE;
				CLANG_CXX_LANGUAGE_STANDARD = "gnu++14";
				CLANG_CXX_LIBRARY = "libc++";
				CLANG_ENABLE_MODULES = YES;
				CLANG_ENABLE_OBJC_ARC = YES;
				CLANG_WARN_BLOCK_CAPTURE_AUTORELEASING = YES;
				CLANG_WARN_BOOL_CONVERSION = YES;
				CLANG_WARN_COMMA = YES;
				CLANG_WARN_CONSTANT_CONVERSION = YES;
				CLANG_WARN_DIRECT_OBJC_ISA_USAGE = YES_ERROR;
				CLANG_WARN_DOCUMENTATION_COMMENTS = YES;
				CLANG_WARN_EMPTY_BODY = YES;
				CLANG_WARN_ENUM_CONVERSION = YES;
				CLANG_WARN_INFINITE_RECURSION = YES;
				CLANG_WARN_INT_CONVERSION = YES;
				CLANG_WARN_OBJC_ROOT_CLASS = YES_ERROR;
				CLANG_WARN_RANGE_LOOP_ANALYSIS = YES;
				CLANG_WARN_STRICT_PROTOTYPES = YES;
				CLANG_WARN_SUSPICIOUS_MOVE = YES;
				CLANG_WARN_UNGUARDED_AVAILABILITY = YES_AGGRESSIVE;
				CLANG_WARN_UNREACHABLE_CODE = YES;
				CLANG_WARN__DUPLICATE_METHOD_MATCH = YES;
				CODE_SIGN_IDENTITY = "iPhone Developer";
				COPY_PHASE_STRIP = NO;
				DEBUG_INFORMATION_FORMAT = "dwarf-with-dsym";
				ENABLE_NS_ASSERTIONS = NO;
				ENABLE_STRICT_OBJC_MSGSEND = YES;
				GCC_C_LANGUAGE_STANDARD = gnu11;
				GCC_NO_COMMON_BLOCKS = YES;
				GCC_WARN_64_TO_32_BIT_CONVERSION = YES;
				GCC_WARN_ABOUT_RETURN_TYPE = YES_ERROR;
				GCC_WARN_UNDECLARED_SELECTOR = YES;
				GCC_WARN_UNINITIALIZED_AUTOS = YES_AGGRESSIVE;
				GCC_WARN_UNUSED_FUNCTION = YES;
				GCC_WARN_UNUSED_VARIABLE = YES;
				IPHONEOS_DEPLOYMENT_TARGET = 11.0;
				MTL_ENABLE_DEBUG_INFO = NO;
				SDKROOT = iphoneos;
				VALIDATE_PRODUCT = YES;
			};
			name = Release;
		};
		5713C9991F0E383200CA2EE5 /* Debug */ = {
			isa = XCBuildConfiguration;
			buildSettings = {
				ASSETCATALOG_COMPILER_APPICON_NAME = AppIcon;
				DEVELOPMENT_TEAM = XD886R3WEB;
				INFOPLIST_FILE = FilterDemo/Info.plist;
				IPHONEOS_DEPLOYMENT_TARGET = 8.0;
				LD_RUNPATH_SEARCH_PATHS = "$(inherited) @executable_path/Frameworks";
				PRODUCT_BUNDLE_IDENTIFIER = com.51gif.FilterDemo;
				PRODUCT_NAME = "$(TARGET_NAME)";
				TARGETED_DEVICE_FAMILY = "1,2";
			};
			name = Debug;
		};
		5713C99A1F0E383200CA2EE5 /* Release */ = {
			isa = XCBuildConfiguration;
			buildSettings = {
				ASSETCATALOG_COMPILER_APPICON_NAME = AppIcon;
				DEVELOPMENT_TEAM = XD886R3WEB;
				INFOPLIST_FILE = FilterDemo/Info.plist;
				IPHONEOS_DEPLOYMENT_TARGET = 8.0;
				LD_RUNPATH_SEARCH_PATHS = "$(inherited) @executable_path/Frameworks";
				PRODUCT_BUNDLE_IDENTIFIER = com.51gif.FilterDemo;
				PRODUCT_NAME = "$(TARGET_NAME)";
				TARGETED_DEVICE_FAMILY = "1,2";
			};
			name = Release;
		};
/* End XCBuildConfiguration section */

/* Begin XCConfigurationList section */
		5713C97D1F0E383200CA2EE5 /* Build configuration list for PBXProject "FilterDemo" */ = {
			isa = XCConfigurationList;
			buildConfigurations = (
				5713C9961F0E383200CA2EE5 /* Debug */,
				5713C9971F0E383200CA2EE5 /* Release */,
			);
			defaultConfigurationIsVisible = 0;
			defaultConfigurationName = Release;
		};
		5713C9981F0E383200CA2EE5 /* Build configuration list for PBXNativeTarget "FilterDemo" */ = {
			isa = XCConfigurationList;
			buildConfigurations = (
				5713C9991F0E383200CA2EE5 /* Debug */,
				5713C99A1F0E383200CA2EE5 /* Release */,
			);
			defaultConfigurationIsVisible = 0;
			defaultConfigurationName = Release;
		};
/* End XCConfigurationList section */
	};
	rootObject = 5713C97A1F0E383200CA2EE5 /* Project object */;
}
