// !$*UTF8*$!
{
	archiveVersion = 1;
	classes = {
	};
	objectVersion = 48;
	objects = {

/* Begin PBXBuildFile section */
		5713C9871F0E383200CA2EE5 /* AppDelegate.m in Sources */ = {isa = PBXBuildFile; fileRef = 5713C9861F0E383200CA2EE5 /* AppDelegate.m */; };
		5713C98A1F0E383200CA2EE5 /* ViewController.m in Sources */ = {isa = PBXBuildFile; fileRef = 5713C9891F0E383200CA2EE5 /* ViewController.m */; };
		5713C98D1F0E383200CA2EE5 /* Main.storyboard in Resources */ = {isa = PBXBuildFile; fileRef = 5713C98B1F0E383200CA2EE5 /* Main.storyboard */; };
		5713C98F1F0E383200CA2EE5 /* Assets.xcassets in Resources */ = {isa = PBXBuildFile; fileRef = 5713C98E1F0E383200CA2EE5 /* Assets.xcassets */; };
		5713C9921F0E383200CA2EE5 /* LaunchScreen.storyboard in Resources */ = {isa = PBXBuildFile; fileRef = 5713C9901F0E383200CA2EE5 /* LaunchScreen.storyboard */; };
		5713C9951F0E383200CA2EE5 /* main.m in Sources */ = {isa = PBXBuildFile; fileRef = 5713C9941F0E383200CA2EE5 /* main.m */; };
		5713C9DF1F0E44B500CA2EE5 /* 1960s_filter.png in Resources */ = {isa = PBXBuildFile; fileRef = 5713C99C1F0E44B500CA2EE5 /* 1960s_filter.png */; };
		5713C9E01F0E44B500CA2EE5 /* 1960s_thumb.png in Resources */ = {isa = PBXBuildFile; fileRef = 5713C99D1F0E44B500CA2EE5 /* 1960s_thumb.png */; };
		5713C9E11F0E44B500CA2EE5 /* camomile_filter.png in Resources */ = {isa = PBXBuildFile; fileRef = 5713C99E1F0E44B500CA2EE5 /* camomile_filter.png */; };
		5713C9E21F0E44B500CA2EE5 /* camomile_thumb.png in Resources */ = {isa = PBXBuildFile; fileRef = 5713C99F1F0E44B500CA2EE5 /* camomile_thumb.png */; };
		5713C9E31F0E44B500CA2EE5 /* candy_filter.png in Resources */ = {isa = PBXBuildFile; fileRef = 5713C9A01F0E44B500CA2EE5 /* candy_filter.png */; };
		5713C9E41F0E44B500CA2EE5 /* candy_thumb.png in Resources */ = {isa = PBXBuildFile; fileRef = 5713C9A11F0E44B500CA2EE5 /* candy_thumb.png */; };
		5713C9E51F0E44B500CA2EE5 /* cold_filter.png in Resources */ = {isa = PBXBuildFile; fileRef = 5713C9A21F0E44B500CA2EE5 /* cold_filter.png */; };
		5713C9E61F0E44B500CA2EE5 /* cold_thumb.png in Resources */ = {isa = PBXBuildFile; fileRef = 5713C9A31F0E44B500CA2EE5 /* cold_thumb.png */; };
		5713C9E71F0E44B500CA2EE5 /* dark_filter.png in Resources */ = {isa = PBXBuildFile; fileRef = 5713C9A41F0E44B500CA2EE5 /* dark_filter.png */; };
		5713C9E81F0E44B500CA2EE5 /* dark_thumb.png in Resources */ = {isa = PBXBuildFile; fileRef = 5713C9A51F0E44B500CA2EE5 /* dark_thumb.png */; };
		5713C9E91F0E44B500CA2EE5 /* dreamy_filter.png in Resources */ = {isa = PBXBuildFile; fileRef = 5713C9A61F0E44B500CA2EE5 /* dreamy_filter.png */; };
		5713C9EA1F0E44B500CA2EE5 /* dreamy_thumb.png in Resources */ = {isa = PBXBuildFile; fileRef = 5713C9A71F0E44B500CA2EE5 /* dreamy_thumb.png */; };
		5713C9EB1F0E44B500CA2EE5 /* elegance_filter.png in Resources */ = {isa = PBXBuildFile; fileRef = 5713C9A81F0E44B500CA2EE5 /* elegance_filter.png */; };
		5713C9EC1F0E44B500CA2EE5 /* elegance_thumb.png in Resources */ = {isa = PBXBuildFile; fileRef = 5713C9A91F0E44B500CA2EE5 /* elegance_thumb.png */; };
		5713C9ED1F0E44B500CA2EE5 /* frog_filter.png in Resources */ = {isa = PBXBuildFile; fileRef = 5713C9AA1F0E44B500CA2EE5 /* frog_filter.png */; };
		5713C9EE1F0E44B500CA2EE5 /* frog_thumb.png in Resources */ = {isa = PBXBuildFile; fileRef = 5713C9AB1F0E44B500CA2EE5 /* frog_thumb.png */; };
		5713C9EF1F0E44B500CA2EE5 /* funky_filter.png in Resources */ = {isa = PBXBuildFile; fileRef = 5713C9AC1F0E44B500CA2EE5 /* funky_filter.png */; };
		5713C9F01F0E44B500CA2EE5 /* funky_thumb.png in Resources */ = {isa = PBXBuildFile; fileRef = 5713C9AD1F0E44B500CA2EE5 /* funky_thumb.png */; };
		5713C9F11F0E44B500CA2EE5 /* good_filter.png in Resources */ = {isa = PBXBuildFile; fileRef = 5713C9AE1F0E44B500CA2EE5 /* good_filter.png */; };
		5713C9F21F0E44B500CA2EE5 /* good_thumb.png in Resources */ = {isa = PBXBuildFile; fileRef = 5713C9AF1F0E44B500CA2EE5 /* good_thumb.png */; };
		5713C9F31F0E44B500CA2EE5 /* gray_filter.png in Resources */ = {isa = PBXBuildFile; fileRef = 5713C9B01F0E44B500CA2EE5 /* gray_filter.png */; };
		5713C9F41F0E44B500CA2EE5 /* gray_thumb.png in Resources */ = {isa = PBXBuildFile; fileRef = 5713C9B11F0E44B500CA2EE5 /* gray_thumb.png */; };
		5713C9F51F0E44B500CA2EE5 /* habana_filter.png in Resources */ = {isa = PBXBuildFile; fileRef = 5713C9B21F0E44B500CA2EE5 /* habana_filter.png */; };
		5713C9F61F0E44B500CA2EE5 /* habana_thumb.png in Resources */ = {isa = PBXBuildFile; fileRef = 5713C9B31F0E44B500CA2EE5 /* habana_thumb.png */; };
		5713C9F71F0E44B500CA2EE5 /* happy_filter.png in Resources */ = {isa = PBXBuildFile; fileRef = 5713C9B41F0E44B500CA2EE5 /* happy_filter.png */; };
		5713C9F81F0E44B500CA2EE5 /* happy_thumb.png in Resources */ = {isa = PBXBuildFile; fileRef = 5713C9B51F0E44B500CA2EE5 /* happy_thumb.png */; };
		5713C9F91F0E44B500CA2EE5 /* harvest_filter.png in Resources */ = {isa = PBXBuildFile; fileRef = 5713C9B61F0E44B500CA2EE5 /* harvest_filter.png */; };
		5713C9FA1F0E44B500CA2EE5 /* harvest_thumb.png in Resources */ = {isa = PBXBuildFile; fileRef = 5713C9B71F0E44B500CA2EE5 /* harvest_thumb.png */; };
		5713C9FB1F0E44B500CA2EE5 /* kc_filter.png in Resources */ = {isa = PBXBuildFile; fileRef = 5713C9B81F0E44B500CA2EE5 /* kc_filter.png */; };
		5713C9FC1F0E44B500CA2EE5 /* kc_thumb.png in Resources */ = {isa = PBXBuildFile; fileRef = 5713C9B91F0E44B500CA2EE5 /* kc_thumb.png */; };
		5713C9FD1F0E44B500CA2EE5 /* lyon_filter.png in Resources */ = {isa = PBXBuildFile; fileRef = 5713C9BA1F0E44B500CA2EE5 /* lyon_filter.png */; };
		5713C9FE1F0E44B500CA2EE5 /* lyon_thumb.png in Resources */ = {isa = PBXBuildFile; fileRef = 5713C9BB1F0E44B500CA2EE5 /* lyon_thumb.png */; };
		5713C9FF1F0E44B500CA2EE5 /* lzp_filter.png in Resources */ = {isa = PBXBuildFile; fileRef = 5713C9BC1F0E44B500CA2EE5 /* lzp_filter.png */; };
		5713CA001F0E44B500CA2EE5 /* lzp_thumb.png in Resources */ = {isa = PBXBuildFile; fileRef = 5713C9BD1F0E44B500CA2EE5 /* lzp_thumb.png */; };
		5713CA011F0E44B500CA2EE5 /* miss_filter.png in Resources */ = {isa = PBXBuildFile; fileRef = 5713C9BE1F0E44B500CA2EE5 /* miss_filter.png */; };
		5713CA021F0E44B500CA2EE5 /* miss_thumb.png in Resources */ = {isa = PBXBuildFile; fileRef = 5713C9BF1F0E44B500CA2EE5 /* miss_thumb.png */; };
		5713CA031F0E44B500CA2EE5 /* misty_filter.png in Resources */ = {isa = PBXBuildFile; fileRef = 5713C9C01F0E44B500CA2EE5 /* misty_filter.png */; };
		5713CA041F0E44B500CA2EE5 /* misty_thumb.png in Resources */ = {isa = PBXBuildFile; fileRef = 5713C9C11F0E44B500CA2EE5 /* misty_thumb.png */; };
		5713CA051F0E44B500CA2EE5 /* normal_filter.png in Resources */ = {isa = PBXBuildFile; fileRef = 5713C9C21F0E44B500CA2EE5 /* normal_filter.png */; };
		5713CA061F0E44B500CA2EE5 /* normal_thumb.png in Resources */ = {isa = PBXBuildFile; fileRef = 5713C9C31F0E44B500CA2EE5 /* normal_thumb.png */; };
		5713CA071F0E44B500CA2EE5 /* pailide_filter.png in Resources */ = {isa = PBXBuildFile; fileRef = 5713C9C41F0E44B500CA2EE5 /* pailide_filter.png */; };
		5713CA081F0E44B500CA2EE5 /* pailide_thumb.png in Resources */ = {isa = PBXBuildFile; fileRef = 5713C9C51F0E44B500CA2EE5 /* pailide_thumb.png */; };
		5713CA091F0E44B500CA2EE5 /* pink_filter.png in Resources */ = {isa = PBXBuildFile; fileRef = 5713C9C61F0E44B500CA2EE5 /* pink_filter.png */; };
		5713CA0A1F0E44B500CA2EE5 /* pink_thumb.png in Resources */ = {isa = PBXBuildFile; fileRef = 5713C9C71F0E44B500CA2EE5 /* pink_thumb.png */; };
		5713CA0B1F0E44B500CA2EE5 /* pld_filter.png in Resources */ = {isa = PBXBuildFile; fileRef = 5713C9C81F0E44B500CA2EE5 /* pld_filter.png */; };
		5713CA0C1F0E44B500CA2EE5 /* pld_thumb.png in Resources */ = {isa = PBXBuildFile; fileRef = 5713C9C91F0E44B500CA2EE5 /* pld_thumb.png */; };
		5713CA0D1F0E44B500CA2EE5 /* plsfilters.json in Resources */ = {isa = PBXBuildFile; fileRef = 5713C9CA1F0E44B500CA2EE5 /* plsfilters.json */; };
		5713CA0E1F0E44B500CA2EE5 /* print_filter.png in Resources */ = {isa = PBXBuildFile; fileRef = 5713C9CB1F0E44B500CA2EE5 /* print_filter.png */; };
		5713CA0F1F0E44B500CA2EE5 /* print_thumb.png in Resources */ = {isa = PBXBuildFile; fileRef = 5713C9CC1F0E44B500CA2EE5 /* print_thumb.png */; };
		5713CA101F0E44B500CA2EE5 /* purple_filter.png in Resources */ = {isa = PBXBuildFile; fileRef = 5713C9CD1F0E44B500CA2EE5 /* purple_filter.png */; };
		5713CA111F0E44B500CA2EE5 /* purple_thumb.png in Resources */ = {isa = PBXBuildFile; fileRef = 5713C9CE1F0E44B500CA2EE5 /* purple_thumb.png */; };
		5713CA121F0E44B500CA2EE5 /* railway_filter.png in Resources */ = {isa = PBXBuildFile; fileRef = 5713C9CF1F0E44B500CA2EE5 /* railway_filter.png */; };
		5713CA131F0E44B500CA2EE5 /* railway_thumb.png in Resources */ = {isa = PBXBuildFile; fileRef = 5713C9D01F0E44B500CA2EE5 /* railway_thumb.png */; };
		5713CA141F0E44B500CA2EE5 /* red_filter.png in Resources */ = {isa = PBXBuildFile; fileRef = 5713C9D11F0E44B500CA2EE5 /* red_filter.png */; };
		5713CA151F0E44B500CA2EE5 /* red_thumb.png in Resources */ = {isa = PBXBuildFile; fileRef = 5713C9D21F0E44B500CA2EE5 /* red_thumb.png */; };
		5713CA161F0E44B500CA2EE5 /* retro_filter.png in Resources */ = {isa = PBXBuildFile; fileRef = 5713C9D31F0E44B500CA2EE5 /* retro_filter.png */; };
		5713CA171F0E44B500CA2EE5 /* retro_thumb.png in Resources */ = {isa = PBXBuildFile; fileRef = 5713C9D41F0E44B500CA2EE5 /* retro_thumb.png */; };
		5713CA181F0E44B500CA2EE5 /* sunny_filter.png in Resources */ = {isa = PBXBuildFile; fileRef = 5713C9D51F0E44B500CA2EE5 /* sunny_filter.png */; };
		5713CA191F0E44B500CA2EE5 /* sunny_thumb.png in Resources */ = {isa = PBXBuildFile; fileRef = 5713C9D61F0E44B500CA2EE5 /* sunny_thumb.png */; };
		5713CA1A1F0E44B500CA2EE5 /* tasty_filter.png in Resources */ = {isa = PBXBuildFile; fileRef = 5713C9D71F0E44B500CA2EE5 /* tasty_filter.png */; };
		5713CA1B1F0E44B500CA2EE5 /* tasty_thumb.png in Resources */ = {isa = PBXBuildFile; fileRef = 5713C9D81F0E44B500CA2EE5 /* tasty_thumb.png */; };
		5713CA1C1F0E44B500CA2EE5 /* turkish_filter.png in Resources */ = {isa = PBXBuildFile; fileRef = 5713C9D91F0E44B500CA2EE5 /* turkish_filter.png */; };
		5713CA1D1F0E44B500CA2EE5 /* turkish_thumb.png in Resources */ = {isa = PBXBuildFile; fileRef = 5713C9DA1F0E44B500CA2EE5 /* turkish_thumb.png */; };
		5713CA1E1F0E44B500CA2EE5 /* waltz_filter.png in Resources */ = {isa = PBXBuildFile; fileRef = 5713C9DB1F0E44B500CA2EE5 /* waltz_filter.png */; };
		5713CA1F1F0E44B500CA2EE5 /* waltz_thumb.png in Resources */ = {isa = PBXBuildFile; fileRef = 5713C9DC1F0E44B500CA2EE5 /* waltz_thumb.png */; };
		5713CA201F0E44B500CA2EE5 /* west_filter.png in Resources */ = {isa = PBXBuildFile; fileRef = 5713C9DD1F0E44B500CA2EE5 /* west_filter.png */; };
		5713CA211F0E44B500CA2EE5 /* west_thumb.png in Resources */ = {isa = PBXBuildFile; fileRef = 5713C9DE1F0E44B500CA2EE5 /* west_thumb.png */; };
		5713CA241F0E45F200CA2EE5 /* CIFilter+ColorLUT.m in Sources */ = {isa = PBXBuildFile; fileRef = 5713CA221F0E45F200CA2EE5 /* CIFilter+ColorLUT.m */; };
		5713CA271F0E516A00CA2EE5 /* FilterViewController.m in Sources */ = {isa = PBXBuildFile; fileRef = 5713CA261F0E516A00CA2EE5 /* FilterViewController.m */; };
/* End PBXBuildFile section */

/* Begin PBXFileReference section */
		5713C9821F0E383200CA2EE5 /* FilterDemo.app */ = {isa = PBXFileReference; explicitFileType = wrapper.application; includeInIndex = 0; path = FilterDemo.app; sourceTree = BUILT_PRODUCTS_DIR; };
		5713C9851F0E383200CA2EE5 /* AppDelegate.h */ = {isa = PBXFileReference; lastKnownFileType = sourcecode.c.h; path = AppDelegate.h; sourceTree = "<group>"; };
		5713C9861F0E383200CA2EE5 /* AppDelegate.m */ = {isa = PBXFileReference; lastKnownFileType = sourcecode.c.objc; path = AppDelegate.m; sourceTree = "<group>"; };
		5713C9881F0E383200CA2EE5 /* ViewController.h */ = {isa = PBXFileReference; lastKnownFileType = sourcecode.c.h; path = ViewController.h; sourceTree = "<group>"; };
		5713C9891F0E383200CA2EE5 /* ViewController.m */ = {isa = PBXFileReference; lastKnownFileType = sourcecode.c.objc; path = ViewController.m; sourceTree = "<group>"; };
		5713C98C1F0E383200CA2EE5 /* Base */ = {isa = PBXFileReference; lastKnownFileType = file.storyboard; name = Base; path = Base.lproj/Main.storyboard; sourceTree = "<group>"; };
		5713C98E1F0E383200CA2EE5 /* Assets.xcassets */ = {isa = PBXFileReference; lastKnownFileType = folder.assetcatalog; path = Assets.xcassets; sourceTree = "<group>"; };
		5713C9911F0E383200CA2EE5 /* Base */ = {isa = PBXFileReference; lastKnownFileType = file.storyboard; name = Base; path = Base.lproj/LaunchScreen.storyboard; sourceTree = "<group>"; };
		5713C9931F0E383200CA2EE5 /* Info.plist */ = {isa = PBXFileReference; lastKnownFileType = text.plist.xml; path = Info.plist; sourceTree = "<group>"; };
		5713C9941F0E383200CA2EE5 /* main.m */ = {isa = PBXFileReference; lastKnownFileType = sourcecode.c.objc; path = main.m; sourceTree = "<group>"; };
		5713C99C1F0E44B500CA2EE5 /* 1960s_filter.png */ = {isa = PBXFileReference; lastKnownFileType = image.png; path = 1960s_filter.png; sourceTree = "<group>"; };
		5713C99D1F0E44B500CA2EE5 /* 1960s_thumb.png */ = {isa = PBXFileReference; lastKnownFileType = image.png; path = 1960s_thumb.png; sourceTree = "<group>"; };
		5713C99E1F0E44B500CA2EE5 /* camomile_filter.png */ = {isa = PBXFileReference; lastKnownFileType = image.png; path = camomile_filter.png; sourceTree = "<group>"; };
		5713C99F1F0E44B500CA2EE5 /* camomile_thumb.png */ = {isa = PBXFileReference; lastKnownFileType = image.png; path = camomile_thumb.png; sourceTree = "<group>"; };
		5713C9A01F0E44B500CA2EE5 /* candy_filter.png */ = {isa = PBXFileReference; lastKnownFileType = image.png; path = candy_filter.png; sourceTree = "<group>"; };
		5713C9A11F0E44B500CA2EE5 /* candy_thumb.png */ = {isa = PBXFileReference; lastKnownFileType = image.png; path = candy_thumb.png; sourceTree = "<group>"; };
		5713C9A21F0E44B500CA2EE5 /* cold_filter.png */ = {isa = PBXFileReference; lastKnownFileType = image.png; path = cold_filter.png; sourceTree = "<group>"; };
		5713C9A31F0E44B500CA2EE5 /* cold_thumb.png */ = {isa = PBXFileReference; lastKnownFileType = image.png; path = cold_thumb.png; sourceTree = "<group>"; };
		5713C9A41F0E44B500CA2EE5 /* dark_filter.png */ = {isa = PBXFileReference; lastKnownFileType = image.png; path = dark_filter.png; sourceTree = "<group>"; };
		5713C9A51F0E44B500CA2EE5 /* dark_thumb.png */ = {isa = PBXFileReference; lastKnownFileType = image.png; path = dark_thumb.png; sourceTree = "<group>"; };
		5713C9A61F0E44B500CA2EE5 /* dreamy_filter.png */ = {isa = PBXFileReference; lastKnownFileType = image.png; path = dreamy_filter.png; sourceTree = "<group>"; };
		5713C9A71F0E44B500CA2EE5 /* dreamy_thumb.png */ = {isa = PBXFileReference; lastKnownFileType = image.png; path = dreamy_thumb.png; sourceTree = "<group>"; };
		5713C9A81F0E44B500CA2EE5 /* elegance_filter.png */ = {isa = PBXFileReference; lastKnownFileType = image.png; path = elegance_filter.png; sourceTree = "<group>"; };
		5713C9A91F0E44B500CA2EE5 /* elegance_thumb.png */ = {isa = PBXFileReference; lastKnownFileType = image.png; path = elegance_thumb.png; sourceTree = "<group>"; };
		5713C9AA1F0E44B500CA2EE5 /* frog_filter.png */ = {isa = PBXFileReference; lastKnownFileType = image.png; path = frog_filter.png; sourceTree = "<group>"; };
		5713C9AB1F0E44B500CA2EE5 /* frog_thumb.png */ = {isa = PBXFileReference; lastKnownFileType = image.png; path = frog_thumb.png; sourceTree = "<group>"; };
		5713C9AC1F0E44B500CA2EE5 /* funky_filter.png */ = {isa = PBXFileReference; lastKnownFileType = image.png; path = funky_filter.png; sourceTree = "<group>"; };
		5713C9AD1F0E44B500CA2EE5 /* funky_thumb.png */ = {isa = PBXFileReference; lastKnownFileType = image.png; path = funky_thumb.png; sourceTree = "<group>"; };
		5713C9AE1F0E44B500CA2EE5 /* good_filter.png */ = {isa = PBXFileReference; lastKnownFileType = image.png; path = good_filter.png; sourceTree = "<group>"; };
		5713C9AF1F0E44B500CA2EE5 /* good_thumb.png */ = {isa = PBXFileReference; lastKnownFileType = image.png; path = good_thumb.png; sourceTree = "<group>"; };
		5713C9B01F0E44B500CA2EE5 /* gray_filter.png */ = {isa = PBXFileReference; lastKnownFileType = image.png; path = gray_filter.png; sourceTree = "<group>"; };
		5713C9B11F0E44B500CA2EE5 /* gray_thumb.png */ = {isa = PBXFileReference; lastKnownFileType = image.png; path = gray_thumb.png; sourceTree = "<group>"; };
		5713C9B21F0E44B500CA2EE5 /* habana_filter.png */ = {isa = PBXFileReference; lastKnownFileType = image.png; path = habana_filter.png; sourceTree = "<group>"; };
		5713C9B31F0E44B500CA2EE5 /* habana_thumb.png */ = {isa = PBXFileReference; lastKnownFileType = image.png; path = habana_thumb.png; sourceTree = "<group>"; };
		5713C9B41F0E44B500CA2EE5 /* happy_filter.png */ = {isa = PBXFileReference; lastKnownFileType = image.png; path = happy_filter.png; sourceTree = "<group>"; };
		5713C9B51F0E44B500CA2EE5 /* happy_thumb.png */ = {isa = PBXFileReference; lastKnownFileType = image.png; path = happy_thumb.png; sourceTree = "<group>"; };
		5713C9B61F0E44B500CA2EE5 /* harvest_filter.png */ = {isa = PBXFileReference; lastKnownFileType = image.png; path = harvest_filter.png; sourceTree = "<group>"; };
		5713C9B71F0E44B500CA2EE5 /* harvest_thumb.png */ = {isa = PBXFileReference; lastKnownFileType = image.png; path = harvest_thumb.png; sourceTree = "<group>"; };
		5713C9B81F0E44B500CA2EE5 /* kc_filter.png */ = {isa = PBXFileReference; lastKnownFileType = image.png; path = kc_filter.png; sourceTree = "<group>"; };
		5713C9B91F0E44B500CA2EE5 /* kc_thumb.png */ = {isa = PBXFileReference; lastKnownFileType = image.png; path = kc_thumb.png; sourceTree = "<group>"; };
		5713C9BA1F0E44B500CA2EE5 /* lyon_filter.png */ = {isa = PBXFileReference; lastKnownFileType = image.png; path = lyon_filter.png; sourceTree = "<group>"; };
		5713C9BB1F0E44B500CA2EE5 /* lyon_thumb.png */ = {isa = PBXFileReference; lastKnownFileType = image.png; path = lyon_thumb.png; sourceTree = "<group>"; };
		5713C9BC1F0E44B500CA2EE5 /* lzp_filter.png */ = {isa = PBXFileReference; lastKnownFileType = image.png; path = lzp_filter.png; sourceTree = "<group>"; };
		5713C9BD1F0E44B500CA2EE5 /* lzp_thumb.png */ = {isa = PBXFileReference; lastKnownFileType = image.png; path = lzp_thumb.png; sourceTree = "<group>"; };
		5713C9BE1F0E44B500CA2EE5 /* miss_filter.png */ = {isa = PBXFileReference; lastKnownFileType = image.png; path = miss_filter.png; sourceTree = "<group>"; };
		5713C9BF1F0E44B500CA2EE5 /* miss_thumb.png */ = {isa = PBXFileReference; lastKnownFileType = image.png; path = miss_thumb.png; sourceTree = "<group>"; };
		5713C9C01F0E44B500CA2EE5 /* misty_filter.png */ = {isa = PBXFileReference; lastKnownFileType = image.png; path = misty_filter.png; sourceTree = "<group>"; };
		5713C9C11F0E44B500CA2EE5 /* misty_thumb.png */ = {isa = PBXFileReference; lastKnownFileType = image.png; path = misty_thumb.png; sourceTree = "<group>"; };
		5713C9C21F0E44B500CA2EE5 /* normal_filter.png */ = {isa = PBXFileReference; lastKnownFileType = image.png; path = normal_filter.png; sourceTree = "<group>"; };
		5713C9C31F0E44B500CA2EE5 /* normal_thumb.png */ = {isa = PBXFileReference; lastKnownFileType = image.png; path = normal_thumb.png; sourceTree = "<group>"; };
		5713C9C41F0E44B500CA2EE5 /* pailide_filter.png */ = {isa = PBXFileReference; lastKnownFileType = image.png; path = pailide_filter.png; sourceTree = "<group>"; };
		5713C9C51F0E44B500CA2EE5 /* pailide_thumb.png */ = {isa = PBXFileReference; lastKnownFileType = image.png; path = pailide_thumb.png; sourceTree = "<group>"; };
		5713C9C61F0E44B500CA2EE5 /* pink_filter.png */ = {isa = PBXFileReference; lastKnownFileType = image.png; path = pink_filter.png; sourceTree = "<group>"; };
		5713C9C71F0E44B500CA2EE5 /* pink_thumb.png */ = {isa = PBXFileReference; lastKnownFileType = image.png; path = pink_thumb.png; sourceTree = "<group>"; };
		5713C9C81F0E44B500CA2EE5 /* pld_filter.png */ = {isa = PBXFileReference; lastKnownFileType = image.png; path = pld_filter.png; sourceTree = "<group>"; };
		5713C9C91F0E44B500CA2EE5 /* pld_thumb.png */ = {isa = PBXFileReference; lastKnownFileType = image.png; path = pld_thumb.png; sourceTree = "<group>"; };
		5713C9CA1F0E44B500CA2EE5 /* plsfilters.json */ = {isa = PBXFileReference; fileEncoding = 4; lastKnownFileType = text.json; path = plsfilters.json; sourceTree = "<group>"; };
		5713C9CB1F0E44B500CA2EE5 /* print_filter.png */ = {isa = PBXFileReference; lastKnownFileType = image.png; path = print_filter.png; sourceTree = "<group>"; };
		5713C9CC1F0E44B500CA2EE5 /* print_thumb.png */ = {isa = PBXFileReference; lastKnownFileType = image.png; path = print_thumb.png; sourceTree = "<group>"; };
		5713C9CD1F0E44B500CA2EE5 /* purple_filter.png */ = {isa = PBXFileReference; lastKnownFileType = image.png; path = purple_filter.png; sourceTree = "<group>"; };
		5713C9CE1F0E44B500CA2EE5 /* purple_thumb.png */ = {isa = PBXFileReference; lastKnownFileType = image.png; path = purple_thumb.png; sourceTree = "<group>"; };
		5713C9CF1F0E44B500CA2EE5 /* railway_filter.png */ = {isa = PBXFileReference; lastKnownFileType = image.png; path = railway_filter.png; sourceTree = "<group>"; };
		5713C9D01F0E44B500CA2EE5 /* railway_thumb.png */ = {isa = PBXFileReference; lastKnownFileType = image.png; path = railway_thumb.png; sourceTree = "<group>"; };
		5713C9D11F0E44B500CA2EE5 /* red_filter.png */ = {isa = PBXFileReference; lastKnownFileType = image.png; path = red_filter.png; sourceTree = "<group>"; };
		5713C9D21F0E44B500CA2EE5 /* red_thumb.png */ = {isa = PBXFileReference; lastKnownFileType = image.png; path = red_thumb.png; sourceTree = "<group>"; };
		5713C9D31F0E44B500CA2EE5 /* retro_filter.png */ = {isa = PBXFileReference; lastKnownFileType = image.png; path = retro_filter.png; sourceTree = "<group>"; };
		5713C9D41F0E44B500CA2EE5 /* retro_thumb.png */ = {isa = PBXFileReference; lastKnownFileType = image.png; path = retro_thumb.png; sourceTree = "<group>"; };
		5713C9D51F0E44B500CA2EE5 /* sunny_filter.png */ = {isa = PBXFileReference; lastKnownFileType = image.png; path = sunny_filter.png; sourceTree = "<group>"; };
		5713C9D61F0E44B500CA2EE5 /* sunny_thumb.png */ = {isa = PBXFileReference; lastKnownFileType = image.png; path = sunny_thumb.png; sourceTree = "<group>"; };
		5713C9D71F0E44B500CA2EE5 /* tasty_filter.png */ = {isa = PBXFileReference; lastKnownFileType = image.png; path = tasty_filter.png; sourceTree = "<group>"; };
		5713C9D81F0E44B500CA2EE5 /* tasty_thumb.png */ = {isa = PBXFileReference; lastKnownFileType = image.png; path = tasty_thumb.png; sourceTree = "<group>"; };
		5713C9D91F0E44B500CA2EE5 /* turkish_filter.png */ = {isa = PBXFileReference; lastKnownFileType = image.png; path = turkish_filter.png; sourceTree = "<group>"; };
		5713C9DA1F0E44B500CA2EE5 /* turkish_thumb.png */ = {isa = PBXFileReference; lastKnownFileType = image.png; path = turkish_thumb.png; sourceTree = "<group>"; };
		5713C9DB1F0E44B500CA2EE5 /* waltz_filter.png */ = {isa = PBXFileReference; lastKnownFileType = image.png; path = waltz_filter.png; sourceTree = "<group>"; };
		5713C9DC1F0E44B500CA2EE5 /* waltz_thumb.png */ = {isa = PBXFileReference; lastKnownFileType = image.png; path = waltz_thumb.png; sourceTree = "<group>"; };
		5713C9DD1F0E44B500CA2EE5 /* west_filter.png */ = {isa = PBXFileReference; lastKnownFileType = image.png; path = west_filter.png; sourceTree = "<group>"; };
		5713C9DE1F0E44B500CA2EE5 /* west_thumb.png */ = {isa = PBXFileReference; lastKnownFileType = image.png; path = west_thumb.png; sourceTree = "<group>"; };
		5713CA221F0E45F200CA2EE5 /* CIFilter+ColorLUT.m */ = {isa = PBXFileReference; fileEncoding = 4; lastKnownFileType = sourcecode.c.objc; name = "CIFilter+ColorLUT.m"; path = "../../../../Downloads/Filter/ColorLUT/ColorLUT/CIFilter+ColorLUT.m"; sourceTree = "<group>"; };
		5713CA231F0E45F200CA2EE5 /* CIFilter+ColorLUT.h */ = {isa = PBXFileReference; fileEncoding = 4; lastKnownFileType = sourcecode.c.h; name = "CIFilter+ColorLUT.h"; path = "../../../../Downloads/Filter/ColorLUT/ColorLUT/CIFilter+ColorLUT.h"; sourceTree = "<group>"; };
		5713CA251F0E516A00CA2EE5 /* FilterViewController.h */ = {isa = PBXFileReference; lastKnownFileType = sourcecode.c.h; path = FilterViewController.h; sourceTree = "<group>"; };
		5713CA261F0E516A00CA2EE5 /* FilterViewController.m */ = {isa = PBXFileReference; lastKnownFileType = sourcecode.c.objc; path = FilterViewController.m; sourceTree = "<group>"; };
/* End PBXFileReference section */

/* Begin PBXFrameworksBuildPhase section */
		5713C97F1F0E383200CA2EE5 /* Frameworks */ = {
			isa = PBXFrameworksBuildPhase;
			buildActionMask = 2147483647;
			files = (
			);
			runOnlyForDeploymentPostprocessing = 0;
		};
/* End PBXFrameworksBuildPhase section */

/* Begin PBXGroup section */
		5713C9791F0E383200CA2EE5 = {
			isa = PBXGroup;
			children = (
				5713C9841F0E383200CA2EE5 /* FilterDemo */,
				5713C9831F0E383200CA2EE5 /* Products */,
			);
			sourceTree = "<group>";
		};
		5713C9831F0E383200CA2EE5 /* Products */ = {
			isa = PBXGroup;
			children = (
				5713C9821F0E383200CA2EE5 /* FilterDemo.app */,
			);
			name = Products;
			sourceTree = "<group>";
		};
		5713C9841F0E383200CA2EE5 /* FilterDemo */ = {
			isa = PBXGroup;
			children = (
				5713C99B1F0E44B500CA2EE5 /* colorFilter */,
				5713CA231F0E45F200CA2EE5 /* CIFilter+ColorLUT.h */,
				5713CA221F0E45F200CA2EE5 /* CIFilter+ColorLUT.m */,
				5713CA261F0E516A00CA2EE5 /* FilterViewController.m */,
				5713CA251F0E516A00CA2EE5 /* FilterViewController.h */,
				5713C9851F0E383200CA2EE5 /* AppDelegate.h */,
				5713C9861F0E383200CA2EE5 /* AppDelegate.m */,
				5713C9881F0E383200CA2EE5 /* ViewController.h */,
				5713C9891F0E383200CA2EE5 /* ViewController.m */,
				5713C98B1F0E383200CA2EE5 /* Main.storyboard */,
				5713C98E1F0E383200CA2EE5 /* Assets.xcassets */,
				5713C9901F0E383200CA2EE5 /* LaunchScreen.storyboard */,
				5713C9931F0E383200CA2EE5 /* Info.plist */,
				5713C9941F0E383200CA2EE5 /* main.m */,
			);
			path = FilterDemo;
			sourceTree = "<group>";
		};
		5713C99B1F0E44B500CA2EE5 /* colorFilter */ = {
			isa = PBXGroup;
			children = (
				5713C99C1F0E44B500CA2EE5 /* 1960s_filter.png */,
				5713C99D1F0E44B500CA2EE5 /* 1960s_thumb.png */,
				5713C99E1F0E44B500CA2EE5 /* camomile_filter.png */,
				5713C99F1F0E44B500CA2EE5 /* camomile_thumb.png */,
				5713C9A01F0E44B500CA2EE5 /* candy_filter.png */,
				5713C9A11F0E44B500CA2EE5 /* candy_thumb.png */,
				5713C9A21F0E44B500CA2EE5 /* cold_filter.png */,
				5713C9A31F0E44B500CA2EE5 /* cold_thumb.png */,
				5713C9A41F0E44B500CA2EE5 /* dark_filter.png */,
				5713C9A51F0E44B500CA2EE5 /* dark_thumb.png */,
				5713C9A61F0E44B500CA2EE5 /* dreamy_filter.png */,
				5713C9A71F0E44B500CA2EE5 /* dreamy_thumb.png */,
				5713C9A81F0E44B500CA2EE5 /* elegance_filter.png */,
				5713C9A91F0E44B500CA2EE5 /* elegance_thumb.png */,
				5713C9AA1F0E44B500CA2EE5 /* frog_filter.png */,
				5713C9AB1F0E44B500CA2EE5 /* frog_thumb.png */,
				5713C9AC1F0E44B500CA2EE5 /* funky_filter.png */,
				5713C9AD1F0E44B500CA2EE5 /* funky_thumb.png */,
				5713C9AE1F0E44B500CA2EE5 /* good_filter.png */,
				5713C9AF1F0E44B500CA2EE5 /* good_thumb.png */,
				5713C9B01F0E44B500CA2EE5 /* gray_filter.png */,
				5713C9B11F0E44B500CA2EE5 /* gray_thumb.png */,
				5713C9B21F0E44B500CA2EE5 /* habana_filter.png */,
				5713C9B31F0E44B500CA2EE5 /* habana_thumb.png */,
				5713C9B41F0E44B500CA2EE5 /* happy_filter.png */,
				5713C9B51F0E44B500CA2EE5 /* happy_thumb.png */,
				5713C9B61F0E44B500CA2EE5 /* harvest_filter.png */,
				5713C9B71F0E44B500CA2EE5 /* harvest_thumb.png */,
				5713C9B81F0E44B500CA2EE5 /* kc_filter.png */,
				5713C9B91F0E44B500CA2EE5 /* kc_thumb.png */,
				5713C9BA1F0E44B500CA2EE5 /* lyon_filter.png */,
				5713C9BB1F0E44B500CA2EE5 /* lyon_thumb.png */,
				5713C9BC1F0E44B500CA2EE5 /* lzp_filter.png */,
				5713C9BD1F0E44B500CA2EE5 /* lzp_thumb.png */,
				5713C9BE1F0E44B500CA2EE5 /* miss_filter.png */,
				5713C9BF1F0E44B500CA2EE5 /* miss_thumb.png */,
				5713C9C01F0E44B500CA2EE5 /* misty_filter.png */,
				5713C9C11F0E44B500CA2EE5 /* misty_thumb.png */,
				5713C9C21F0E44B500CA2EE5 /* normal_filter.png */,
				5713C9C31F0E44B500CA2EE5 /* normal_thumb.png */,
				5713C9C41F0E44B500CA2EE5 /* pailide_filter.png */,
				5713C9C51F0E44B500CA2EE5 /* pailide_thumb.png */,
				5713C9C61F0E44B500CA2EE5 /* pink_filter.png */,
				5713C9C71F0E44B500CA2EE5 /* pink_thumb.png */,
				5713C9C81F0E44B500CA2EE5 /* pld_filter.png */,
				5713C9C91F0E44B500CA2EE5 /* pld_thumb.png */,
				5713C9CA1F0E44B500CA2EE5 /* plsfilters.json */,
				5713C9CB1F0E44B500CA2EE5 /* print_filter.png */,
				5713C9CC1F0E44B500CA2EE5 /* print_thumb.png */,
				5713C9CD1F0E44B500CA2EE5 /* purple_filter.png */,
				5713C9CE1F0E44B500CA2EE5 /* purple_thumb.png */,
				5713C9CF1F0E44B500CA2EE5 /* railway_filter.png */,
				5713C9D01F0E44B500CA2EE5 /* railway_thumb.png */,
				5713C9D11F0E44B500CA2EE5 /* red_filter.png */,
				5713C9D21F0E44B500CA2EE5 /* red_thumb.png */,
				5713C9D31F0E44B500CA2EE5 /* retro_filter.png */,
				5713C9D41F0E44B500CA2EE5 /* retro_thumb.png */,
				5713C9D51F0E44B500CA2EE5 /* sunny_filter.png */,
				5713C9D61F0E44B500CA2EE5 /* sunny_thumb.png */,
				5713C9D71F0E44B500CA2EE5 /* tasty_filter.png */,
				5713C9D81F0E44B500CA2EE5 /* tasty_thumb.png */,
				5713C9D91F0E44B500CA2EE5 /* turkish_filter.png */,
				5713C9DA1F0E44B500CA2EE5 /* turkish_thumb.png */,
				5713C9DB1F0E44B500CA2EE5 /* waltz_filter.png */,
				5713C9DC1F0E44B500CA2EE5 /* waltz_thumb.png */,
				5713C9DD1F0E44B500CA2EE5 /* west_filter.png */,
				5713C9DE1F0E44B500CA2EE5 /* west_thumb.png */,
			);
			name = colorFilter;
			path = ../../OpenGLDemo/OpenGLDemo/filter/colorFilter;
			sourceTree = "<group>";
		};
/* End PBXGroup section */

/* Begin PBXNativeTarget section */
		5713C9811F0E383200CA2EE5 /* FilterDemo */ = {
			isa = PBXNativeTarget;
			buildConfigurationList = 5713C9981F0E383200CA2EE5 /* Build configuration list for PBXNativeTarget "FilterDemo" */;
			buildPhases = (
				5713C97E1F0E383200CA2EE5 /* Sources */,
				5713C97F1F0E383200CA2EE5 /* Frameworks */,
				5713C9801F0E383200CA2EE5 /* Resources */,
			);
			buildRules = (
			);
			dependencies = (
			);
			name = FilterDemo;
			productName = FilterDemo;
			productReference = 5713C9821F0E383200CA2EE5 /* FilterDemo.app */;
			productType = "com.apple.product-type.application";
		};
/* End PBXNativeTarget section */

/* Begin PBXProject section */
		5713C97A1F0E383200CA2EE5 /* Project object */ = {
			isa = PBXProject;
			attributes = {
				LastUpgradeCheck = 0900;
				ORGANIZATIONNAME = iosdevlope;
				TargetAttributes = {
					5713C9811F0E383200CA2EE5 = {
						CreatedOnToolsVersion = 9.0;
					};
				};
			};
			buildConfigurationList = 5713C97D1F0E383200CA2EE5 /* Build configuration list for PBXProject "FilterDemo" */;
			compatibilityVersion = "Xcode 8.0";
			developmentRegion = en;
			hasScannedForEncodings = 0;
			knownRegions = (
				en,
				Base,
			);
			mainGroup = 5713C9791F0E383200CA2EE5;
			productRefGroup = 5713C9831F0E383200CA2EE5 /* Products */;
			projectDirPath = "";
			projectRoot = "";
			targets = (
				5713C9811F0E383200CA2EE5 /* FilterDemo */,
			);
		};
/* End PBXProject section */

/* Begin PBXResourcesBuildPhase section */
		5713C9801F0E383200CA2EE5 /* Resources */ = {
			isa = PBXResourcesBuildPhase;
			buildActionMask = 2147483647;
			files = (
				5713C9E81F0E44B500CA2EE5 /* dark_thumb.png in Resources */,
				5713CA1C1F0E44B500CA2EE5 /* turkish_filter.png in Resources */,
				5713C9E61F0E44B500CA2EE5 /* cold_thumb.png in Resources */,
				5713CA1A1F0E44B500CA2EE5 /* tasty_filter.png in Resources */,
				5713CA151F0E44B500CA2EE5 /* red_thumb.png in Resources */,
				5713C9F31F0E44B500CA2EE5 /* gray_filter.png in Resources */,
				5713CA191F0E44B500CA2EE5 /* sunny_thumb.png in Resources */,
				5713CA081F0E44B500CA2EE5 /* pailide_thumb.png in Resources */,
				5713CA171F0E44B500CA2EE5 /* retro_thumb.png in Resources */,
				5713CA041F0E44B500CA2EE5 /* misty_thumb.png in Resources */,
				5713C9F81F0E44B500CA2EE5 /* happy_thumb.png in Resources */,
				5713CA211F0E44B500CA2EE5 /* west_thumb.png in Resources */,
				5713CA0C1F0E44B500CA2EE5 /* pld_thumb.png in Resources */,
				5713CA0B1F0E44B500CA2EE5 /* pld_filter.png in Resources */,
				5713C9EA1F0E44B500CA2EE5 /* dreamy_thumb.png in Resources */,
				5713CA001F0E44B500CA2EE5 /* lzp_thumb.png in Resources */,
				5713C9F51F0E44B500CA2EE5 /* habana_filter.png in Resources */,
				5713CA0A1F0E44B500CA2EE5 /* pink_thumb.png in Resources */,
				5713CA121F0E44B500CA2EE5 /* railway_filter.png in Resources */,
				5713CA091F0E44B500CA2EE5 /* pink_filter.png in Resources */,
				5713C9921F0E383200CA2EE5 /* LaunchScreen.storyboard in Resources */,
				5713C9F61F0E44B500CA2EE5 /* habana_thumb.png in Resources */,
				5713C9E21F0E44B500CA2EE5 /* camomile_thumb.png in Resources */,
				5713C9FC1F0E44B500CA2EE5 /* kc_thumb.png in Resources */,
				5713CA021F0E44B500CA2EE5 /* miss_thumb.png in Resources */,
				5713C9EC1F0E44B500CA2EE5 /* elegance_thumb.png in Resources */,
				5713CA141F0E44B500CA2EE5 /* red_filter.png in Resources */,
				5713C98F1F0E383200CA2EE5 /* Assets.xcassets in Resources */,
				5713CA0E1F0E44B500CA2EE5 /* print_filter.png in Resources */,
				5713CA031F0E44B500CA2EE5 /* misty_filter.png in Resources */,
				5713C9EE1F0E44B500CA2EE5 /* frog_thumb.png in Resources */,
				5713C9F41F0E44B500CA2EE5 /* gray_thumb.png in Resources */,
				5713C9ED1F0E44B500CA2EE5 /* frog_filter.png in Resources */,
				5713C9FE1F0E44B500CA2EE5 /* lyon_thumb.png in Resources */,
				5713CA061F0E44B500CA2EE5 /* normal_thumb.png in Resources */,
				5713CA161F0E44B500CA2EE5 /* retro_filter.png in Resources */,
				5713C9FD1F0E44B500CA2EE5 /* lyon_filter.png in Resources */,
				5713CA201F0E44B500CA2EE5 /* west_filter.png in Resources */,
				5713C9E11F0E44B500CA2EE5 /* camomile_filter.png in Resources */,
				5713CA181F0E44B500CA2EE5 /* sunny_filter.png in Resources */,
				5713C9F21F0E44B500CA2EE5 /* good_thumb.png in Resources */,
				5713C9E71F0E44B500CA2EE5 /* dark_filter.png in Resources */,
				5713CA051F0E44B500CA2EE5 /* normal_filter.png in Resources */,
				5713C9E01F0E44B500CA2EE5 /* 1960s_thumb.png in Resources */,
				5713C98D1F0E383200CA2EE5 /* Main.storyboard in Resources */,
				5713CA101F0E44B500CA2EE5 /* purple_filter.png in Resources */,
				5713CA0F1F0E44B500CA2EE5 /* print_thumb.png in Resources */,
				5713CA1E1F0E44B500CA2EE5 /* waltz_filter.png in Resources */,
				5713C9FB1F0E44B500CA2EE5 /* kc_filter.png in Resources */,
				5713C9FA1F0E44B500CA2EE5 /* harvest_thumb.png in Resources */,
				5713CA111F0E44B500CA2EE5 /* purple_thumb.png in Resources */,
				5713C9EF1F0E44B500CA2EE5 /* funky_filter.png in Resources */,
				5713C9F11F0E44B500CA2EE5 /* good_filter.png in Resources */,
				5713CA1F1F0E44B500CA2EE5 /* waltz_thumb.png in Resources */,
				5713C9E41F0E44B500CA2EE5 /* candy_thumb.png in Resources */,
				5713C9E51F0E44B500CA2EE5 /* cold_filter.png in Resources */,
				5713CA011F0E44B500CA2EE5 /* miss_filter.png in Resources */,
				5713CA1D1F0E44B500CA2EE5 /* turkish_thumb.png in Resources */,
				5713C9FF1F0E44B500CA2EE5 /* lzp_filter.png in Resources */,
				5713C9F91F0E44B500CA2EE5 /* harvest_filter.png in Resources */,
				5713CA1B1F0E44B500CA2EE5 /* tasty_thumb.png in Resources */,
				5713C9DF1F0E44B500CA2EE5 /* 1960s_filter.png in Resources */,
				5713C9E31F0E44B500CA2EE5 /* candy_filter.png in Resources */,
				5713C9E91F0E44B500CA2EE5 /* dreamy_filter.png in Resources */,
				5713CA0D1F0E44B500CA2EE5 /* plsfilters.json in Resources */,
				5713C9F01F0E44B500CA2EE5 /* funky_thumb.png in Resources */,
				5713CA131F0E44B500CA2EE5 /* railway_thumb.png in Resources */,
				5713C9F71F0E44B500CA2EE5 /* happy_filter.png in Resources */,
				5713CA071F0E44B500CA2EE5 /* pailide_filter.png in Resources */,
				5713C9EB1F0E44B500CA2EE5 /* elegance_filter.png in Resources */,
			);
			runOnlyForDeploymentPostprocessing = 0;
		};
/* End PBXResourcesBuildPhase section */

/* Begin PBXSourcesBuildPhase section */
		5713C97E1F0E383200CA2EE5 /* Sources */ = {
			isa = PBXSourcesBuildPhase;
			buildActionMask = 2147483647;
			files = (
				5713C98A1F0E383200CA2EE5 /* ViewController.m in Sources */,
				5713C9951F0E383200CA2EE5 /* main.m in Sources */,
				5713CA271F0E516A00CA2EE5 /* FilterViewController.m in Sources */,
				5713C9871F0E383200CA2EE5 /* AppDelegate.m in Sources */,
				5713CA241F0E45F200CA2EE5 /* CIFilter+ColorLUT.m in Sources */,
			);
			runOnlyForDeploymentPostprocessing = 0;
		};
/* End PBXSourcesBuildPhase section */

/* Begin PBXVariantGroup section */
		5713C98B1F0E383200CA2EE5 /* Main.storyboard */ = {
			isa = PBXVariantGroup;
			children = (
				5713C98C1F0E383200CA2EE5 /* Base */,
			);
			name = Main.storyboard;
			sourceTree = "<group>";
		};
		5713C9901F0E383200CA2EE5 /* LaunchScreen.storyboard */ = {
			isa = PBXVariantGroup;
			children = (
				5713C9911F0E383200CA2EE5 /* Base */,
			);
			name = LaunchScreen.storyboard;
			sourceTree = "<group>";
		};
/* End PBXVariantGroup section */

/* Begin XCBuildConfiguration section */
		5713C9961F0E383200CA2EE5 /* Debug */ = {
			isa = XCBuildConfiguration;
			buildSettings = {
				ALWAYS_SEARCH_USER_PATHS = NO;
				CLANG_ANALYZER_NONNULL = YES;
				CLANG_ANALYZER_NUMBER_OBJECT_CONVERSION = YES_AGGRESSIVE;
				CLANG_CXX_LANGUAGE_STANDARD = "gnu++14";
				CLANG_CXX_LIBRARY = "libc++";
				CLANG_ENABLE_MODULES = YES;
				CLANG_ENABLE_OBJC_ARC = YES;
				CLANG_WARN_BLOCK_CAPTURE_AUTORELEASING = YES;
				CLANG_WARN_BOOL_CONVERSION = YES;
				CLANG_WARN_COMMA = YES;
				CLANG_WARN_CONSTANT_CONVERSION = YES;
				CLANG_WARN_DIRECT_OBJC_ISA_USAGE = YES_ERROR;
				CLANG_WARN_DOCUMENTATION_COMMENTS = YES;
				CLANG_WARN_EMPTY_BODY = YES;
				CLANG_WARN_ENUM_CONVERSION = YES;
				CLANG_WARN_INFINITE_RECURSION = YES;
				CLANG_WARN_INT_CONVERSION = YES;
				CLANG_WARN_OBJC_ROOT_CLASS = YES_ERROR;
				CLANG_WARN_RANGE_LOOP_ANALYSIS = YES;
				CLANG_WARN_STRICT_PROTOTYPES = YES;
				CLANG_WARN_SUSPICIOUS_MOVE = YES;
				CLANG_WARN_UNGUARDED_AVAILABILITY = YES_AGGRESSIVE;
				CLANG_WARN_UNREACHABLE_CODE = YES;
				CLANG_WARN__DUPLICATE_METHOD_MATCH = YES;
				CODE_SIGN_IDENTITY = "iPhone Developer";
				COPY_PHASE_STRIP = NO;
				DEBUG_INFORMATION_FORMAT = dwarf;
				ENABLE_STRICT_OBJC_MSGSEND = YES;
				ENABLE_TESTABILITY = YES;
				GCC_C_LANGUAGE_STANDARD = gnu11;
				GCC_DYNAMIC_NO_PIC = NO;
				GCC_NO_COMMON_BLOCKS = YES;
				GCC_OPTIMIZATION_LEVEL = 0;
				GCC_PREPROCESSOR_DEFINITIONS = (
					"DEBUG=1",
					"$(inherited)",
				);
				GCC_WARN_64_TO_32_BIT_CONVERSION = YES;
				GCC_WARN_ABOUT_RETURN_TYPE = YES_ERROR;
				GCC_WARN_UNDECLARED_SELECTOR = YES;
				GCC_WARN_UNINITIALIZED_AUTOS = YES_AGGRESSIVE;
				GCC_WARN_UNUSED_FUNCTION = YES;
				GCC_WARN_UNUSED_VARIABLE = YES;
				IPHONEOS_DEPLOYMENT_TARGET = 11.0;
				MTL_ENABLE_DEBUG_INFO = YES;
				ONLY_ACTIVE_ARCH = YES;
				SDKROOT = iphoneos;
			};
			name = Debug;
		};
		5713C9971F0E383200CA2EE5 /* Release */ = {
			isa = XCBuildConfiguration;
			buildSettings = {
				ALWAYS_SEARCH_USER_PATHS = NO;
				CLANG_ANALYZER_NONNULL = YES;
				CLANG_ANALYZER_NUMBER_OBJECT_CONVERSION = YES_AGGRESSIVE;
				CLANG_CXX_LANGUAGE_STANDARD = "gnu++14";
				CLANG_CXX_LIBRARY = "libc++";
				CLANG_ENABLE_MODULES = YES;
				CLANG_ENABLE_OBJC_ARC = YES;
				CLANG_WARN_BLOCK_CAPTURE_AUTORELEASING = YES;
				CLANG_WARN_BOOL_CONVERSION = YES;
				CLANG_WARN_COMMA = YES;
				CLANG_WARN_CONSTANT_CONVERSION = YES;
				CLANG_WARN_DIRECT_OBJC_ISA_USAGE = YES_ERROR;
				CLANG_WARN_DOCUMENTATION_COMMENTS = YES;
				CLANG_WARN_EMPTY_BODY = YES;
				CLANG_WARN_ENUM_CONVERSION = YES;
				CLANG_WARN_INFINITE_RECURSION = YES;
				CLANG_WARN_INT_CONVERSION = YES;
				CLANG_WARN_OBJC_ROOT_CLASS = YES_ERROR;
				CLANG_WARN_RANGE_LOOP_ANALYSIS = YES;
				CLANG_WARN_STRICT_PROTOTYPES = YES;
				CLANG_WARN_SUSPICIOUS_MOVE = YES;
				CLANG_WARN_UNGUARDED_AVAILABILITY = YES_AGGRESSIVE;
				CLANG_WARN_UNREACHABLE_CODE = YES;
				CLANG_WARN__DUPLICATE_METHOD_MATCH = YES;
				CODE_SIGN_IDENTITY = "iPhone Developer";
				COPY_PHASE_STRIP = NO;
				DEBUG_INFORMATION_FORMAT = "dwarf-with-dsym";
				ENABLE_NS_ASSERTIONS = NO;
				ENABLE_STRICT_OBJC_MSGSEND = YES;
				GCC_C_LANGUAGE_STANDARD = gnu11;
				GCC_NO_COMMON_BLOCKS = YES;
				GCC_WARN_64_TO_32_BIT_CONVERSION = YES;
				GCC_WARN_ABOUT_RETURN_TYPE = YES_ERROR;
				GCC_WARN_UNDECLARED_SELECTOR = YES;
				GCC_WARN_UNINITIALIZED_AUTOS = YES_AGGRESSIVE;
				GCC_WARN_UNUSED_FUNCTION = YES;
				GCC_WARN_UNUSED_VARIABLE = YES;
				IPHONEOS_DEPLOYMENT_TARGET = 11.0;
				MTL_ENABLE_DEBUG_INFO = NO;
				SDKROOT = iphoneos;
				VALIDATE_PRODUCT = YES;
			};
			name = Release;
		};
		5713C9991F0E383200CA2EE5 /* Debug */ = {
			isa = XCBuildConfiguration;
			buildSettings = {
				ASSETCATALOG_COMPILER_APPICON_NAME = AppIcon;
				DEVELOPMENT_TEAM = XD886R3WEB;
				INFOPLIST_FILE = FilterDemo/Info.plist;
				LD_RUNPATH_SEARCH_PATHS = "$(inherited) @executable_path/Frameworks";
				PRODUCT_BUNDLE_IDENTIFIER = com.51gif.FilterDemo;
				PRODUCT_NAME = "$(TARGET_NAME)";
				TARGETED_DEVICE_FAMILY = "1,2";
			};
			name = Debug;
		};
		5713C99A1F0E383200CA2EE5 /* Release */ = {
			isa = XCBuildConfiguration;
			buildSettings = {
				ASSETCATALOG_COMPILER_APPICON_NAME = AppIcon;
				DEVELOPMENT_TEAM = XD886R3WEB;
				INFOPLIST_FILE = FilterDemo/Info.plist;
				LD_RUNPATH_SEARCH_PATHS = "$(inherited) @executable_path/Frameworks";
				PRODUCT_BUNDLE_IDENTIFIER = com.51gif.FilterDemo;
				PRODUCT_NAME = "$(TARGET_NAME)";
				TARGETED_DEVICE_FAMILY = "1,2";
			};
			name = Release;
		};
/* End XCBuildConfiguration section */

/* Begin XCConfigurationList section */
		5713C97D1F0E383200CA2EE5 /* Build configuration list for PBXProject "FilterDemo" */ = {
			isa = XCConfigurationList;
			buildConfigurations = (
				5713C9961F0E383200CA2EE5 /* Debug */,
				5713C9971F0E383200CA2EE5 /* Release */,
			);
			defaultConfigurationIsVisible = 0;
			defaultConfigurationName = Release;
		};
		5713C9981F0E383200CA2EE5 /* Build configuration list for PBXNativeTarget "FilterDemo" */ = {
			isa = XCConfigurationList;
			buildConfigurations = (
				5713C9991F0E383200CA2EE5 /* Debug */,
				5713C99A1F0E383200CA2EE5 /* Release */,
			);
			defaultConfigurationIsVisible = 0;
		};
/* End XCConfigurationList section */
	};
	rootObject = 5713C97A1F0E383200CA2EE5 /* Project object */;
}
